// !$*UTF8*$!
{
	archiveVersion = 1;
	classes = {
	};
	objectVersion = 56;
	objects = {

/* Begin PBXBuildFile section */
		1D8F7E202AD3C4BA006B5578 /* HighPitchMacCApp.swift in Sources */ = {isa = PBXBuildFile; fileRef = 1D8F7E1F2AD3C4BA006B5578 /* HighPitchMacCApp.swift */; };
		1D8F7E222AD3C4BA006B5578 /* ContentView.swift in Sources */ = {isa = PBXBuildFile; fileRef = 1D8F7E212AD3C4BA006B5578 /* ContentView.swift */; };
		1D8F7E242AD3C4BA006B5578 /* Item.swift in Sources */ = {isa = PBXBuildFile; fileRef = 1D8F7E232AD3C4BA006B5578 /* Item.swift */; };
		1D8F7E262AD3C4BC006B5578 /* Assets.xcassets in Resources */ = {isa = PBXBuildFile; fileRef = 1D8F7E252AD3C4BC006B5578 /* Assets.xcassets */; };
		1D8F7E2A2AD3C4BC006B5578 /* Preview Assets.xcassets in Resources */ = {isa = PBXBuildFile; fileRef = 1D8F7E292AD3C4BC006B5578 /* Preview Assets.xcassets */; };
		1D8F7E352AD3C4BC006B5578 /* HighPitchMacCTests.swift in Sources */ = {isa = PBXBuildFile; fileRef = 1D8F7E342AD3C4BC006B5578 /* HighPitchMacCTests.swift */; };
		1D8F7E3F2AD3C4BC006B5578 /* HighPitchMacCUITests.swift in Sources */ = {isa = PBXBuildFile; fileRef = 1D8F7E3E2AD3C4BC006B5578 /* HighPitchMacCUITests.swift */; };
		1D8F7E412AD3C4BC006B5578 /* HighPitchMacCUITestsLaunchTests.swift in Sources */ = {isa = PBXBuildFile; fileRef = 1D8F7E402AD3C4BC006B5578 /* HighPitchMacCUITestsLaunchTests.swift */; };
		1D8F7E522AD3C575006B5578 /* MenubarExtraView.swift in Sources */ = {isa = PBXBuildFile; fileRef = 1D8F7E512AD3C575006B5578 /* MenubarExtraView.swift */; };
		1D8F7E562AD3C67F006B5578 /* sampleAudio.m4a in Resources */ = {isa = PBXBuildFile; fileRef = 1D8F7E552AD3C67F006B5578 /* sampleAudio.m4a */; };
		1D8F7E5A2AD3C79B006B5578 /* SpeechRecognizerManager.swift in Sources */ = {isa = PBXBuildFile; fileRef = 1D8F7E592AD3C79B006B5578 /* SpeechRecognizerManager.swift */; };
		1D8F7E5D2AD3C8ED006B5578 /* AppleScriptsManager.swift in Sources */ = {isa = PBXBuildFile; fileRef = 1D8F7E5C2AD3C8ED006B5578 /* AppleScriptsManager.swift */; };
		1D8F7E602AD3C9A5006B5578 /* ProjectFileManager.swift in Sources */ = {isa = PBXBuildFile; fileRef = 1D8F7E5F2AD3C9A5006B5578 /* ProjectFileManager.swift */; };
		1D8F7E622AD3CAAB006B5578 /* AudioMediaManager.swift in Sources */ = {isa = PBXBuildFile; fileRef = 1D8F7E612AD3CAAB006B5578 /* AudioMediaManager.swift */; };
		1D8F7E662AD3CD9A006B5578 /* AppleScriptModel.swift in Sources */ = {isa = PBXBuildFile; fileRef = 1D8F7E652AD3CD9A006B5578 /* AppleScriptModel.swift */; };
		1D8F7E692AD3EACC006B5578 /* MenuBarExtraAccess in Frameworks */ = {isa = PBXBuildFile; productRef = 1D8F7E682AD3EACC006B5578 /* MenuBarExtraAccess */; };
/* End PBXBuildFile section */

/* Begin PBXContainerItemProxy section */
		1D8F7E312AD3C4BC006B5578 /* PBXContainerItemProxy */ = {
			isa = PBXContainerItemProxy;
			containerPortal = 1D8F7E142AD3C4BA006B5578 /* Project object */;
			proxyType = 1;
			remoteGlobalIDString = 1D8F7E1B2AD3C4BA006B5578;
			remoteInfo = HighPitchMacC;
		};
		1D8F7E3B2AD3C4BC006B5578 /* PBXContainerItemProxy */ = {
			isa = PBXContainerItemProxy;
			containerPortal = 1D8F7E142AD3C4BA006B5578 /* Project object */;
			proxyType = 1;
			remoteGlobalIDString = 1D8F7E1B2AD3C4BA006B5578;
			remoteInfo = HighPitchMacC;
		};
/* End PBXContainerItemProxy section */

/* Begin PBXFileReference section */
		1D8F7E1C2AD3C4BA006B5578 /* HighPitchMacC.app */ = {isa = PBXFileReference; explicitFileType = wrapper.application; includeInIndex = 0; path = HighPitchMacC.app; sourceTree = BUILT_PRODUCTS_DIR; };
		1D8F7E1F2AD3C4BA006B5578 /* HighPitchMacCApp.swift */ = {isa = PBXFileReference; lastKnownFileType = sourcecode.swift; path = HighPitchMacCApp.swift; sourceTree = "<group>"; };
		1D8F7E212AD3C4BA006B5578 /* ContentView.swift */ = {isa = PBXFileReference; lastKnownFileType = sourcecode.swift; path = ContentView.swift; sourceTree = "<group>"; };
		1D8F7E232AD3C4BA006B5578 /* Item.swift */ = {isa = PBXFileReference; lastKnownFileType = sourcecode.swift; path = Item.swift; sourceTree = "<group>"; };
		1D8F7E252AD3C4BC006B5578 /* Assets.xcassets */ = {isa = PBXFileReference; lastKnownFileType = folder.assetcatalog; path = Assets.xcassets; sourceTree = "<group>"; };
		1D8F7E272AD3C4BC006B5578 /* HighPitchMacC.entitlements */ = {isa = PBXFileReference; lastKnownFileType = text.plist.entitlements; path = HighPitchMacC.entitlements; sourceTree = "<group>"; };
		1D8F7E292AD3C4BC006B5578 /* Preview Assets.xcassets */ = {isa = PBXFileReference; lastKnownFileType = folder.assetcatalog; path = "Preview Assets.xcassets"; sourceTree = "<group>"; };
		1D8F7E2B2AD3C4BC006B5578 /* Info.plist */ = {isa = PBXFileReference; lastKnownFileType = text.plist.xml; path = Info.plist; sourceTree = "<group>"; };
		1D8F7E302AD3C4BC006B5578 /* HighPitchMacCTests.xctest */ = {isa = PBXFileReference; explicitFileType = wrapper.cfbundle; includeInIndex = 0; path = HighPitchMacCTests.xctest; sourceTree = BUILT_PRODUCTS_DIR; };
		1D8F7E342AD3C4BC006B5578 /* HighPitchMacCTests.swift */ = {isa = PBXFileReference; lastKnownFileType = sourcecode.swift; path = HighPitchMacCTests.swift; sourceTree = "<group>"; };
		1D8F7E3A2AD3C4BC006B5578 /* HighPitchMacCUITests.xctest */ = {isa = PBXFileReference; explicitFileType = wrapper.cfbundle; includeInIndex = 0; path = HighPitchMacCUITests.xctest; sourceTree = BUILT_PRODUCTS_DIR; };
		1D8F7E3E2AD3C4BC006B5578 /* HighPitchMacCUITests.swift */ = {isa = PBXFileReference; lastKnownFileType = sourcecode.swift; path = HighPitchMacCUITests.swift; sourceTree = "<group>"; };
		1D8F7E402AD3C4BC006B5578 /* HighPitchMacCUITestsLaunchTests.swift */ = {isa = PBXFileReference; lastKnownFileType = sourcecode.swift; path = HighPitchMacCUITestsLaunchTests.swift; sourceTree = "<group>"; };
		1D8F7E512AD3C575006B5578 /* MenubarExtraView.swift */ = {isa = PBXFileReference; lastKnownFileType = sourcecode.swift; path = MenubarExtraView.swift; sourceTree = "<group>"; };
		1D8F7E552AD3C67F006B5578 /* sampleAudio.m4a */ = {isa = PBXFileReference; lastKnownFileType = file; name = sampleAudio.m4a; path = ../../../../sampleAudio.m4a; sourceTree = "<group>"; };
		1D8F7E592AD3C79B006B5578 /* SpeechRecognizerManager.swift */ = {isa = PBXFileReference; lastKnownFileType = sourcecode.swift; path = SpeechRecognizerManager.swift; sourceTree = "<group>"; };
		1D8F7E5C2AD3C8ED006B5578 /* AppleScriptsManager.swift */ = {isa = PBXFileReference; lastKnownFileType = sourcecode.swift; path = AppleScriptsManager.swift; sourceTree = "<group>"; };
		1D8F7E5F2AD3C9A5006B5578 /* ProjectFileManager.swift */ = {isa = PBXFileReference; lastKnownFileType = sourcecode.swift; path = ProjectFileManager.swift; sourceTree = "<group>"; };
		1D8F7E612AD3CAAB006B5578 /* AudioMediaManager.swift */ = {isa = PBXFileReference; lastKnownFileType = sourcecode.swift; path = AudioMediaManager.swift; sourceTree = "<group>"; };
		1D8F7E652AD3CD9A006B5578 /* AppleScriptModel.swift */ = {isa = PBXFileReference; lastKnownFileType = sourcecode.swift; path = AppleScriptModel.swift; sourceTree = "<group>"; };
/* End PBXFileReference section */

/* Begin PBXFrameworksBuildPhase section */
		1D8F7E192AD3C4BA006B5578 /* Frameworks */ = {
			isa = PBXFrameworksBuildPhase;
			buildActionMask = 2147483647;
			files = (
				1D8F7E692AD3EACC006B5578 /* MenuBarExtraAccess in Frameworks */,
			);
			runOnlyForDeploymentPostprocessing = 0;
		};
		1D8F7E2D2AD3C4BC006B5578 /* Frameworks */ = {
			isa = PBXFrameworksBuildPhase;
			buildActionMask = 2147483647;
			files = (
			);
			runOnlyForDeploymentPostprocessing = 0;
		};
		1D8F7E372AD3C4BC006B5578 /* Frameworks */ = {
			isa = PBXFrameworksBuildPhase;
			buildActionMask = 2147483647;
			files = (
			);
			runOnlyForDeploymentPostprocessing = 0;
		};
/* End PBXFrameworksBuildPhase section */

/* Begin PBXGroup section */
		1D8F7E132AD3C4BA006B5578 = {
			isa = PBXGroup;
			children = (
				1D8F7E1E2AD3C4BA006B5578 /* HighPitchMacC */,
				1D8F7E332AD3C4BC006B5578 /* HighPitchMacCTests */,
				1D8F7E3D2AD3C4BC006B5578 /* HighPitchMacCUITests */,
				1D8F7E1D2AD3C4BA006B5578 /* Products */,
			);
			sourceTree = "<group>";
		};
		1D8F7E1D2AD3C4BA006B5578 /* Products */ = {
			isa = PBXGroup;
			children = (
				1D8F7E1C2AD3C4BA006B5578 /* HighPitchMacC.app */,
				1D8F7E302AD3C4BC006B5578 /* HighPitchMacCTests.xctest */,
				1D8F7E3A2AD3C4BC006B5578 /* HighPitchMacCUITests.xctest */,
			);
			name = Products;
			sourceTree = "<group>";
		};
		1D8F7E1E2AD3C4BA006B5578 /* HighPitchMacC */ = {
			isa = PBXGroup;
			children = (
				1D8F7E4D2AD3C539006B5578 /* App */,
				1D8F7E542AD3C5C7006B5578 /* Resource */,
				1D8F7E582AD3C76C006B5578 /* Utils */,
				1D8F7E4E2AD3C53D006B5578 /* Models */,
				1D8F7E4F2AD3C543006B5578 /* Presentations */,
				1D8F7E282AD3C4BC006B5578 /* Preview Content */,
			);
			path = HighPitchMacC;
			sourceTree = "<group>";
		};
		1D8F7E282AD3C4BC006B5578 /* Preview Content */ = {
			isa = PBXGroup;
			children = (
				1D8F7E292AD3C4BC006B5578 /* Preview Assets.xcassets */,
			);
			path = "Preview Content";
			sourceTree = "<group>";
		};
		1D8F7E332AD3C4BC006B5578 /* HighPitchMacCTests */ = {
			isa = PBXGroup;
			children = (
				1D8F7E342AD3C4BC006B5578 /* HighPitchMacCTests.swift */,
			);
			path = HighPitchMacCTests;
			sourceTree = "<group>";
		};
		1D8F7E3D2AD3C4BC006B5578 /* HighPitchMacCUITests */ = {
			isa = PBXGroup;
			children = (
				1D8F7E3E2AD3C4BC006B5578 /* HighPitchMacCUITests.swift */,
				1D8F7E402AD3C4BC006B5578 /* HighPitchMacCUITestsLaunchTests.swift */,
			);
			path = HighPitchMacCUITests;
			sourceTree = "<group>";
		};
		1D8F7E4D2AD3C539006B5578 /* App */ = {
			isa = PBXGroup;
			children = (
				1D8F7E1F2AD3C4BA006B5578 /* HighPitchMacCApp.swift */,
				1D8F7E2B2AD3C4BC006B5578 /* Info.plist */,
				1D8F7E272AD3C4BC006B5578 /* HighPitchMacC.entitlements */,
			);
			path = App;
			sourceTree = "<group>";
		};
		1D8F7E4E2AD3C53D006B5578 /* Models */ = {
			isa = PBXGroup;
			children = (
				1D8F7E642AD3CD7B006B5578 /* AppleScriptModel */,
				1D8F7E232AD3C4BA006B5578 /* Item.swift */,
			);
			path = Models;
			sourceTree = "<group>";
		};
		1D8F7E4F2AD3C543006B5578 /* Presentations */ = {
			isa = PBXGroup;
			children = (
				1D8F7E532AD3C582006B5578 /* ProjectWindow */,
				1D8F7E502AD3C55F006B5578 /* MenubarExtra */,
			);
			path = Presentations;
			sourceTree = "<group>";
		};
		1D8F7E502AD3C55F006B5578 /* MenubarExtra */ = {
			isa = PBXGroup;
			children = (
				1D8F7E512AD3C575006B5578 /* MenubarExtraView.swift */,
			);
			path = MenubarExtra;
			sourceTree = "<group>";
		};
		1D8F7E532AD3C582006B5578 /* ProjectWindow */ = {
			isa = PBXGroup;
			children = (
				1D8F7E212AD3C4BA006B5578 /* ContentView.swift */,
			);
			path = ProjectWindow;
			sourceTree = "<group>";
		};
		1D8F7E542AD3C5C7006B5578 /* Resource */ = {
			isa = PBXGroup;
			children = (
				1D8F7E552AD3C67F006B5578 /* sampleAudio.m4a */,
				1D8F7E252AD3C4BC006B5578 /* Assets.xcassets */,
			);
			path = Resource;
			sourceTree = "<group>";
		};
		1D8F7E582AD3C76C006B5578 /* Utils */ = {
			isa = PBXGroup;
			children = (
				1D8F7E5F2AD3C9A5006B5578 /* ProjectFileManager.swift */,
				1D8F7E5C2AD3C8ED006B5578 /* AppleScriptsManager.swift */,
				1D8F7E612AD3CAAB006B5578 /* AudioMediaManager.swift */,
				1D8F7E592AD3C79B006B5578 /* SpeechRecognizerManager.swift */,
			);
			path = Utils;
			sourceTree = "<group>";
		};
		1D8F7E642AD3CD7B006B5578 /* AppleScriptModel */ = {
			isa = PBXGroup;
			children = (
				1D8F7E652AD3CD9A006B5578 /* AppleScriptModel.swift */,
			);
			path = AppleScriptModel;
			sourceTree = "<group>";
		};
/* End PBXGroup section */

/* Begin PBXNativeTarget section */
		1D8F7E1B2AD3C4BA006B5578 /* HighPitchMacC */ = {
			isa = PBXNativeTarget;
			buildConfigurationList = 1D8F7E442AD3C4BC006B5578 /* Build configuration list for PBXNativeTarget "HighPitchMacC" */;
			buildPhases = (
				1D8F7E182AD3C4BA006B5578 /* Sources */,
				1D8F7E192AD3C4BA006B5578 /* Frameworks */,
				1D8F7E1A2AD3C4BA006B5578 /* Resources */,
			);
			buildRules = (
			);
			dependencies = (
			);
			name = HighPitchMacC;
			packageProductDependencies = (
				1D8F7E682AD3EACC006B5578 /* MenuBarExtraAccess */,
			);
			productName = HighPitchMacC;
			productReference = 1D8F7E1C2AD3C4BA006B5578 /* HighPitchMacC.app */;
			productType = "com.apple.product-type.application";
		};
		1D8F7E2F2AD3C4BC006B5578 /* HighPitchMacCTests */ = {
			isa = PBXNativeTarget;
			buildConfigurationList = 1D8F7E472AD3C4BC006B5578 /* Build configuration list for PBXNativeTarget "HighPitchMacCTests" */;
			buildPhases = (
				1D8F7E2C2AD3C4BC006B5578 /* Sources */,
				1D8F7E2D2AD3C4BC006B5578 /* Frameworks */,
				1D8F7E2E2AD3C4BC006B5578 /* Resources */,
			);
			buildRules = (
			);
			dependencies = (
				1D8F7E322AD3C4BC006B5578 /* PBXTargetDependency */,
			);
			name = HighPitchMacCTests;
			productName = HighPitchMacCTests;
			productReference = 1D8F7E302AD3C4BC006B5578 /* HighPitchMacCTests.xctest */;
			productType = "com.apple.product-type.bundle.unit-test";
		};
		1D8F7E392AD3C4BC006B5578 /* HighPitchMacCUITests */ = {
			isa = PBXNativeTarget;
			buildConfigurationList = 1D8F7E4A2AD3C4BC006B5578 /* Build configuration list for PBXNativeTarget "HighPitchMacCUITests" */;
			buildPhases = (
				1D8F7E362AD3C4BC006B5578 /* Sources */,
				1D8F7E372AD3C4BC006B5578 /* Frameworks */,
				1D8F7E382AD3C4BC006B5578 /* Resources */,
			);
			buildRules = (
			);
			dependencies = (
				1D8F7E3C2AD3C4BC006B5578 /* PBXTargetDependency */,
			);
			name = HighPitchMacCUITests;
			productName = HighPitchMacCUITests;
			productReference = 1D8F7E3A2AD3C4BC006B5578 /* HighPitchMacCUITests.xctest */;
			productType = "com.apple.product-type.bundle.ui-testing";
		};
/* End PBXNativeTarget section */

/* Begin PBXProject section */
		1D8F7E142AD3C4BA006B5578 /* Project object */ = {
			isa = PBXProject;
			attributes = {
				BuildIndependentTargetsInParallel = 1;
				LastSwiftUpdateCheck = 1500;
				LastUpgradeCheck = 1500;
				TargetAttributes = {
					1D8F7E1B2AD3C4BA006B5578 = {
						CreatedOnToolsVersion = 15.0;
					};
					1D8F7E2F2AD3C4BC006B5578 = {
						CreatedOnToolsVersion = 15.0;
						TestTargetID = 1D8F7E1B2AD3C4BA006B5578;
					};
					1D8F7E392AD3C4BC006B5578 = {
						CreatedOnToolsVersion = 15.0;
						TestTargetID = 1D8F7E1B2AD3C4BA006B5578;
					};
				};
			};
			buildConfigurationList = 1D8F7E172AD3C4BA006B5578 /* Build configuration list for PBXProject "HighPitchMacC" */;
			compatibilityVersion = "Xcode 14.0";
			developmentRegion = en;
			hasScannedForEncodings = 0;
			knownRegions = (
				en,
				Base,
			);
			mainGroup = 1D8F7E132AD3C4BA006B5578;
			packageReferences = (
				1D8F7E672AD3EACC006B5578 /* XCRemoteSwiftPackageReference "MenuBarExtraAccess" */,
			);
			productRefGroup = 1D8F7E1D2AD3C4BA006B5578 /* Products */;
			projectDirPath = "";
			projectRoot = "";
			targets = (
				1D8F7E1B2AD3C4BA006B5578 /* HighPitchMacC */,
				1D8F7E2F2AD3C4BC006B5578 /* HighPitchMacCTests */,
				1D8F7E392AD3C4BC006B5578 /* HighPitchMacCUITests */,
			);
		};
/* End PBXProject section */

/* Begin PBXResourcesBuildPhase section */
		1D8F7E1A2AD3C4BA006B5578 /* Resources */ = {
			isa = PBXResourcesBuildPhase;
			buildActionMask = 2147483647;
			files = (
				1D8F7E2A2AD3C4BC006B5578 /* Preview Assets.xcassets in Resources */,
				1D8F7E262AD3C4BC006B5578 /* Assets.xcassets in Resources */,
				1D8F7E562AD3C67F006B5578 /* sampleAudio.m4a in Resources */,
			);
			runOnlyForDeploymentPostprocessing = 0;
		};
		1D8F7E2E2AD3C4BC006B5578 /* Resources */ = {
			isa = PBXResourcesBuildPhase;
			buildActionMask = 2147483647;
			files = (
			);
			runOnlyForDeploymentPostprocessing = 0;
		};
		1D8F7E382AD3C4BC006B5578 /* Resources */ = {
			isa = PBXResourcesBuildPhase;
			buildActionMask = 2147483647;
			files = (
			);
			runOnlyForDeploymentPostprocessing = 0;
		};
/* End PBXResourcesBuildPhase section */

/* Begin PBXSourcesBuildPhase section */
		1D8F7E182AD3C4BA006B5578 /* Sources */ = {
			isa = PBXSourcesBuildPhase;
			buildActionMask = 2147483647;
			files = (
				1D8F7E5A2AD3C79B006B5578 /* SpeechRecognizerManager.swift in Sources */,
				1D8F7E602AD3C9A5006B5578 /* ProjectFileManager.swift in Sources */,
				1D8F7E5D2AD3C8ED006B5578 /* AppleScriptsManager.swift in Sources */,
				1D8F7E222AD3C4BA006B5578 /* ContentView.swift in Sources */,
				1D8F7E242AD3C4BA006B5578 /* Item.swift in Sources */,
				1D8F7E522AD3C575006B5578 /* MenubarExtraView.swift in Sources */,
				1D8F7E202AD3C4BA006B5578 /* HighPitchMacCApp.swift in Sources */,
				1D8F7E622AD3CAAB006B5578 /* AudioMediaManager.swift in Sources */,
				1D8F7E662AD3CD9A006B5578 /* AppleScriptModel.swift in Sources */,
			);
			runOnlyForDeploymentPostprocessing = 0;
		};
		1D8F7E2C2AD3C4BC006B5578 /* Sources */ = {
			isa = PBXSourcesBuildPhase;
			buildActionMask = 2147483647;
			files = (
				1D8F7E352AD3C4BC006B5578 /* HighPitchMacCTests.swift in Sources */,
			);
			runOnlyForDeploymentPostprocessing = 0;
		};
		1D8F7E362AD3C4BC006B5578 /* Sources */ = {
			isa = PBXSourcesBuildPhase;
			buildActionMask = 2147483647;
			files = (
				1D8F7E3F2AD3C4BC006B5578 /* HighPitchMacCUITests.swift in Sources */,
				1D8F7E412AD3C4BC006B5578 /* HighPitchMacCUITestsLaunchTests.swift in Sources */,
			);
			runOnlyForDeploymentPostprocessing = 0;
		};
/* End PBXSourcesBuildPhase section */

/* Begin PBXTargetDependency section */
		1D8F7E322AD3C4BC006B5578 /* PBXTargetDependency */ = {
			isa = PBXTargetDependency;
			target = 1D8F7E1B2AD3C4BA006B5578 /* HighPitchMacC */;
			targetProxy = 1D8F7E312AD3C4BC006B5578 /* PBXContainerItemProxy */;
		};
		1D8F7E3C2AD3C4BC006B5578 /* PBXTargetDependency */ = {
			isa = PBXTargetDependency;
			target = 1D8F7E1B2AD3C4BA006B5578 /* HighPitchMacC */;
			targetProxy = 1D8F7E3B2AD3C4BC006B5578 /* PBXContainerItemProxy */;
		};
/* End PBXTargetDependency section */

/* Begin XCBuildConfiguration section */
		1D8F7E422AD3C4BC006B5578 /* Debug */ = {
			isa = XCBuildConfiguration;
			buildSettings = {
				ALWAYS_SEARCH_USER_PATHS = NO;
				ASSETCATALOG_COMPILER_GENERATE_SWIFT_ASSET_SYMBOL_EXTENSIONS = YES;
				CLANG_ANALYZER_NONNULL = YES;
				CLANG_ANALYZER_NUMBER_OBJECT_CONVERSION = YES_AGGRESSIVE;
				CLANG_CXX_LANGUAGE_STANDARD = "gnu++20";
				CLANG_ENABLE_MODULES = YES;
				CLANG_ENABLE_OBJC_ARC = YES;
				CLANG_ENABLE_OBJC_WEAK = YES;
				CLANG_WARN_BLOCK_CAPTURE_AUTORELEASING = YES;
				CLANG_WARN_BOOL_CONVERSION = YES;
				CLANG_WARN_COMMA = YES;
				CLANG_WARN_CONSTANT_CONVERSION = YES;
				CLANG_WARN_DEPRECATED_OBJC_IMPLEMENTATIONS = YES;
				CLANG_WARN_DIRECT_OBJC_ISA_USAGE = YES_ERROR;
				CLANG_WARN_DOCUMENTATION_COMMENTS = YES;
				CLANG_WARN_EMPTY_BODY = YES;
				CLANG_WARN_ENUM_CONVERSION = YES;
				CLANG_WARN_INFINITE_RECURSION = YES;
				CLANG_WARN_INT_CONVERSION = YES;
				CLANG_WARN_NON_LITERAL_NULL_CONVERSION = YES;
				CLANG_WARN_OBJC_IMPLICIT_RETAIN_SELF = YES;
				CLANG_WARN_OBJC_LITERAL_CONVERSION = YES;
				CLANG_WARN_OBJC_ROOT_CLASS = YES_ERROR;
				CLANG_WARN_QUOTED_INCLUDE_IN_FRAMEWORK_HEADER = YES;
				CLANG_WARN_RANGE_LOOP_ANALYSIS = YES;
				CLANG_WARN_STRICT_PROTOTYPES = YES;
				CLANG_WARN_SUSPICIOUS_MOVE = YES;
				CLANG_WARN_UNGUARDED_AVAILABILITY = YES_AGGRESSIVE;
				CLANG_WARN_UNREACHABLE_CODE = YES;
				CLANG_WARN__DUPLICATE_METHOD_MATCH = YES;
				COPY_PHASE_STRIP = NO;
				DEBUG_INFORMATION_FORMAT = dwarf;
				ENABLE_STRICT_OBJC_MSGSEND = YES;
				ENABLE_TESTABILITY = YES;
				ENABLE_USER_SCRIPT_SANDBOXING = YES;
				GCC_C_LANGUAGE_STANDARD = gnu17;
				GCC_DYNAMIC_NO_PIC = NO;
				GCC_NO_COMMON_BLOCKS = YES;
				GCC_OPTIMIZATION_LEVEL = 0;
				GCC_PREPROCESSOR_DEFINITIONS = (
					"DEBUG=1",
					"$(inherited)",
				);
				GCC_WARN_64_TO_32_BIT_CONVERSION = YES;
				GCC_WARN_ABOUT_RETURN_TYPE = YES_ERROR;
				GCC_WARN_UNDECLARED_SELECTOR = YES;
				GCC_WARN_UNINITIALIZED_AUTOS = YES_AGGRESSIVE;
				GCC_WARN_UNUSED_FUNCTION = YES;
				GCC_WARN_UNUSED_VARIABLE = YES;
				LOCALIZATION_PREFERS_STRING_CATALOGS = YES;
				MTL_ENABLE_DEBUG_INFO = INCLUDE_SOURCE;
				MTL_FAST_MATH = YES;
				ONLY_ACTIVE_ARCH = YES;
				SWIFT_ACTIVE_COMPILATION_CONDITIONS = "DEBUG $(inherited)";
				SWIFT_OPTIMIZATION_LEVEL = "-Onone";
			};
			name = Debug;
		};
		1D8F7E432AD3C4BC006B5578 /* Release */ = {
			isa = XCBuildConfiguration;
			buildSettings = {
				ALWAYS_SEARCH_USER_PATHS = NO;
				ASSETCATALOG_COMPILER_GENERATE_SWIFT_ASSET_SYMBOL_EXTENSIONS = YES;
				CLANG_ANALYZER_NONNULL = YES;
				CLANG_ANALYZER_NUMBER_OBJECT_CONVERSION = YES_AGGRESSIVE;
				CLANG_CXX_LANGUAGE_STANDARD = "gnu++20";
				CLANG_ENABLE_MODULES = YES;
				CLANG_ENABLE_OBJC_ARC = YES;
				CLANG_ENABLE_OBJC_WEAK = YES;
				CLANG_WARN_BLOCK_CAPTURE_AUTORELEASING = YES;
				CLANG_WARN_BOOL_CONVERSION = YES;
				CLANG_WARN_COMMA = YES;
				CLANG_WARN_CONSTANT_CONVERSION = YES;
				CLANG_WARN_DEPRECATED_OBJC_IMPLEMENTATIONS = YES;
				CLANG_WARN_DIRECT_OBJC_ISA_USAGE = YES_ERROR;
				CLANG_WARN_DOCUMENTATION_COMMENTS = YES;
				CLANG_WARN_EMPTY_BODY = YES;
				CLANG_WARN_ENUM_CONVERSION = YES;
				CLANG_WARN_INFINITE_RECURSION = YES;
				CLANG_WARN_INT_CONVERSION = YES;
				CLANG_WARN_NON_LITERAL_NULL_CONVERSION = YES;
				CLANG_WARN_OBJC_IMPLICIT_RETAIN_SELF = YES;
				CLANG_WARN_OBJC_LITERAL_CONVERSION = YES;
				CLANG_WARN_OBJC_ROOT_CLASS = YES_ERROR;
				CLANG_WARN_QUOTED_INCLUDE_IN_FRAMEWORK_HEADER = YES;
				CLANG_WARN_RANGE_LOOP_ANALYSIS = YES;
				CLANG_WARN_STRICT_PROTOTYPES = YES;
				CLANG_WARN_SUSPICIOUS_MOVE = YES;
				CLANG_WARN_UNGUARDED_AVAILABILITY = YES_AGGRESSIVE;
				CLANG_WARN_UNREACHABLE_CODE = YES;
				CLANG_WARN__DUPLICATE_METHOD_MATCH = YES;
				COPY_PHASE_STRIP = NO;
				DEBUG_INFORMATION_FORMAT = "dwarf-with-dsym";
				ENABLE_NS_ASSERTIONS = NO;
				ENABLE_STRICT_OBJC_MSGSEND = YES;
				ENABLE_USER_SCRIPT_SANDBOXING = YES;
				GCC_C_LANGUAGE_STANDARD = gnu17;
				GCC_NO_COMMON_BLOCKS = YES;
				GCC_WARN_64_TO_32_BIT_CONVERSION = YES;
				GCC_WARN_ABOUT_RETURN_TYPE = YES_ERROR;
				GCC_WARN_UNDECLARED_SELECTOR = YES;
				GCC_WARN_UNINITIALIZED_AUTOS = YES_AGGRESSIVE;
				GCC_WARN_UNUSED_FUNCTION = YES;
				GCC_WARN_UNUSED_VARIABLE = YES;
				LOCALIZATION_PREFERS_STRING_CATALOGS = YES;
				MTL_ENABLE_DEBUG_INFO = NO;
				MTL_FAST_MATH = YES;
				SWIFT_COMPILATION_MODE = wholemodule;
			};
			name = Release;
		};
		1D8F7E452AD3C4BC006B5578 /* Debug */ = {
			isa = XCBuildConfiguration;
			buildSettings = {
				ASSETCATALOG_COMPILER_APPICON_NAME = AppIcon;
				ASSETCATALOG_COMPILER_GLOBAL_ACCENT_COLOR_NAME = AccentColor;
				CODE_SIGN_ENTITLEMENTS = HighPitchMacC/App/HighPitchMacC.entitlements;
				CODE_SIGN_STYLE = Automatic;
				CURRENT_PROJECT_VERSION = 1;
				DEVELOPMENT_ASSET_PATHS = "\"HighPitchMacC/Preview Content\"";
				DEVELOPMENT_TEAM = V7Y39HNV38;
				ENABLE_HARDENED_RUNTIME = YES;
				"ENABLE_HARDENED_RUNTIME[sdk=macosx*]" = YES;
				ENABLE_PREVIEWS = YES;
				GENERATE_INFOPLIST_FILE = YES;
				INFOPLIST_FILE = HighPitchMacC/App/Info.plist;
				INFOPLIST_KEY_NSAppleEventsUsageDescription = "";
				INFOPLIST_KEY_NSMicrophoneUsageDescription = "Audio is recorded to transcribe the meeting. Audio recordings are discarded after transcription.";
				INFOPLIST_KEY_NSSpeechRecognitionUsageDescription = "You can view a text transcription of your meeting in the app.";
				"INFOPLIST_KEY_UIApplicationSceneManifest_Generation[sdk=iphoneos*]" = YES;
				"INFOPLIST_KEY_UIApplicationSceneManifest_Generation[sdk=iphonesimulator*]" = YES;
				"INFOPLIST_KEY_UIApplicationSupportsIndirectInputEvents[sdk=iphoneos*]" = YES;
				"INFOPLIST_KEY_UIApplicationSupportsIndirectInputEvents[sdk=iphonesimulator*]" = YES;
				"INFOPLIST_KEY_UILaunchScreen_Generation[sdk=iphoneos*]" = YES;
				"INFOPLIST_KEY_UILaunchScreen_Generation[sdk=iphonesimulator*]" = YES;
				"INFOPLIST_KEY_UIStatusBarStyle[sdk=iphoneos*]" = UIStatusBarStyleDefault;
				"INFOPLIST_KEY_UIStatusBarStyle[sdk=iphonesimulator*]" = UIStatusBarStyleDefault;
				INFOPLIST_KEY_UISupportedInterfaceOrientations_iPad = "UIInterfaceOrientationPortrait UIInterfaceOrientationPortraitUpsideDown UIInterfaceOrientationLandscapeLeft UIInterfaceOrientationLandscapeRight";
				INFOPLIST_KEY_UISupportedInterfaceOrientations_iPhone = "UIInterfaceOrientationPortrait UIInterfaceOrientationLandscapeLeft UIInterfaceOrientationLandscapeRight";
				IPHONEOS_DEPLOYMENT_TARGET = 17.0;
				LD_RUNPATH_SEARCH_PATHS = "@executable_path/Frameworks";
				"LD_RUNPATH_SEARCH_PATHS[sdk=macosx*]" = "@executable_path/../Frameworks";
				MACOSX_DEPLOYMENT_TARGET = 14.0;
				MARKETING_VERSION = 1.0;
				PRODUCT_BUNDLE_IDENTIFIER = yuncoffee.HighPitchMacC;
				PRODUCT_NAME = "$(TARGET_NAME)";
				SDKROOT = auto;
				SUPPORTED_PLATFORMS = "iphoneos iphonesimulator macosx";
				SWIFT_EMIT_LOC_STRINGS = YES;
				SWIFT_VERSION = 5.0;
				TARGETED_DEVICE_FAMILY = "1,2";
			};
			name = Debug;
		};
		1D8F7E462AD3C4BC006B5578 /* Release */ = {
			isa = XCBuildConfiguration;
			buildSettings = {
				ASSETCATALOG_COMPILER_APPICON_NAME = AppIcon;
				ASSETCATALOG_COMPILER_GLOBAL_ACCENT_COLOR_NAME = AccentColor;
				CODE_SIGN_ENTITLEMENTS = HighPitchMacC/App/HighPitchMacC.entitlements;
				CODE_SIGN_STYLE = Automatic;
				CURRENT_PROJECT_VERSION = 1;
				DEVELOPMENT_ASSET_PATHS = "\"HighPitchMacC/Preview Content\"";
				DEVELOPMENT_TEAM = V7Y39HNV38;
				ENABLE_HARDENED_RUNTIME = YES;
				"ENABLE_HARDENED_RUNTIME[sdk=macosx*]" = YES;
				ENABLE_PREVIEWS = YES;
				GENERATE_INFOPLIST_FILE = YES;
				INFOPLIST_FILE = HighPitchMacC/App/Info.plist;
				INFOPLIST_KEY_NSAppleEventsUsageDescription = "";
				INFOPLIST_KEY_NSMicrophoneUsageDescription = "Audio is recorded to transcribe the meeting. Audio recordings are discarded after transcription.";
				INFOPLIST_KEY_NSSpeechRecognitionUsageDescription = "You can view a text transcription of your meeting in the app.";
				"INFOPLIST_KEY_UIApplicationSceneManifest_Generation[sdk=iphoneos*]" = YES;
				"INFOPLIST_KEY_UIApplicationSceneManifest_Generation[sdk=iphonesimulator*]" = YES;
				"INFOPLIST_KEY_UIApplicationSupportsIndirectInputEvents[sdk=iphoneos*]" = YES;
				"INFOPLIST_KEY_UIApplicationSupportsIndirectInputEvents[sdk=iphonesimulator*]" = YES;
				"INFOPLIST_KEY_UILaunchScreen_Generation[sdk=iphoneos*]" = YES;
				"INFOPLIST_KEY_UILaunchScreen_Generation[sdk=iphonesimulator*]" = YES;
				"INFOPLIST_KEY_UIStatusBarStyle[sdk=iphoneos*]" = UIStatusBarStyleDefault;
				"INFOPLIST_KEY_UIStatusBarStyle[sdk=iphonesimulator*]" = UIStatusBarStyleDefault;
				INFOPLIST_KEY_UISupportedInterfaceOrientations_iPad = "UIInterfaceOrientationPortrait UIInterfaceOrientationPortraitUpsideDown UIInterfaceOrientationLandscapeLeft UIInterfaceOrientationLandscapeRight";
				INFOPLIST_KEY_UISupportedInterfaceOrientations_iPhone = "UIInterfaceOrientationPortrait UIInterfaceOrientationLandscapeLeft UIInterfaceOrientationLandscapeRight";
				IPHONEOS_DEPLOYMENT_TARGET = 17.0;
				LD_RUNPATH_SEARCH_PATHS = "@executable_path/Frameworks";
				"LD_RUNPATH_SEARCH_PATHS[sdk=macosx*]" = "@executable_path/../Frameworks";
				MACOSX_DEPLOYMENT_TARGET = 14.0;
				MARKETING_VERSION = 1.0;
				PRODUCT_BUNDLE_IDENTIFIER = yuncoffee.HighPitchMacC;
				PRODUCT_NAME = "$(TARGET_NAME)";
				SDKROOT = auto;
				SUPPORTED_PLATFORMS = "iphoneos iphonesimulator macosx";
				SWIFT_EMIT_LOC_STRINGS = YES;
				SWIFT_VERSION = 5.0;
				TARGETED_DEVICE_FAMILY = "1,2";
			};
			name = Release;
		};
		1D8F7E482AD3C4BC006B5578 /* Debug */ = {
			isa = XCBuildConfiguration;
			buildSettings = {
				ALWAYS_EMBED_SWIFT_STANDARD_LIBRARIES = YES;
				BUNDLE_LOADER = "$(TEST_HOST)";
				CODE_SIGN_STYLE = Automatic;
				CURRENT_PROJECT_VERSION = 1;
				DEVELOPMENT_TEAM = V7Y39HNV38;
				GENERATE_INFOPLIST_FILE = YES;
				IPHONEOS_DEPLOYMENT_TARGET = 17.0;
				MACOSX_DEPLOYMENT_TARGET = 14.0;
				MARKETING_VERSION = 1.0;
				PRODUCT_BUNDLE_IDENTIFIER = yuncoffee.HighPitchMacCTests;
				PRODUCT_NAME = "$(TARGET_NAME)";
				SDKROOT = auto;
				SUPPORTED_PLATFORMS = "iphoneos iphonesimulator macosx";
				SWIFT_EMIT_LOC_STRINGS = NO;
				SWIFT_VERSION = 5.0;
				TARGETED_DEVICE_FAMILY = "1,2";
				TEST_HOST = "$(BUILT_PRODUCTS_DIR)/HighPitchMacC.app/$(BUNDLE_EXECUTABLE_FOLDER_PATH)/HighPitchMacC";
			};
			name = Debug;
		};
		1D8F7E492AD3C4BC006B5578 /* Release */ = {
			isa = XCBuildConfiguration;
			buildSettings = {
				ALWAYS_EMBED_SWIFT_STANDARD_LIBRARIES = YES;
				BUNDLE_LOADER = "$(TEST_HOST)";
				CODE_SIGN_STYLE = Automatic;
				CURRENT_PROJECT_VERSION = 1;
				DEVELOPMENT_TEAM = V7Y39HNV38;
				GENERATE_INFOPLIST_FILE = YES;
				IPHONEOS_DEPLOYMENT_TARGET = 17.0;
				MACOSX_DEPLOYMENT_TARGET = 14.0;
				MARKETING_VERSION = 1.0;
				PRODUCT_BUNDLE_IDENTIFIER = yuncoffee.HighPitchMacCTests;
				PRODUCT_NAME = "$(TARGET_NAME)";
				SDKROOT = auto;
				SUPPORTED_PLATFORMS = "iphoneos iphonesimulator macosx";
				SWIFT_EMIT_LOC_STRINGS = NO;
				SWIFT_VERSION = 5.0;
				TARGETED_DEVICE_FAMILY = "1,2";
				TEST_HOST = "$(BUILT_PRODUCTS_DIR)/HighPitchMacC.app/$(BUNDLE_EXECUTABLE_FOLDER_PATH)/HighPitchMacC";
			};
			name = Release;
		};
		1D8F7E4B2AD3C4BC006B5578 /* Debug */ = {
			isa = XCBuildConfiguration;
			buildSettings = {
				ALWAYS_EMBED_SWIFT_STANDARD_LIBRARIES = YES;
				CODE_SIGN_STYLE = Automatic;
				CURRENT_PROJECT_VERSION = 1;
				DEVELOPMENT_TEAM = V7Y39HNV38;
				GENERATE_INFOPLIST_FILE = YES;
				IPHONEOS_DEPLOYMENT_TARGET = 17.0;
				MACOSX_DEPLOYMENT_TARGET = 14.0;
				MARKETING_VERSION = 1.0;
				PRODUCT_BUNDLE_IDENTIFIER = yuncoffee.HighPitchMacCUITests;
				PRODUCT_NAME = "$(TARGET_NAME)";
				SDKROOT = auto;
				SUPPORTED_PLATFORMS = "iphoneos iphonesimulator macosx";
				SWIFT_EMIT_LOC_STRINGS = NO;
				SWIFT_VERSION = 5.0;
				TARGETED_DEVICE_FAMILY = "1,2";
				TEST_TARGET_NAME = HighPitchMacC;
			};
			name = Debug;
		};
		1D8F7E4C2AD3C4BC006B5578 /* Release */ = {
			isa = XCBuildConfiguration;
			buildSettings = {
				ALWAYS_EMBED_SWIFT_STANDARD_LIBRARIES = YES;
				CODE_SIGN_STYLE = Automatic;
				CURRENT_PROJECT_VERSION = 1;
				DEVELOPMENT_TEAM = V7Y39HNV38;
				GENERATE_INFOPLIST_FILE = YES;
				IPHONEOS_DEPLOYMENT_TARGET = 17.0;
				MACOSX_DEPLOYMENT_TARGET = 14.0;
				MARKETING_VERSION = 1.0;
				PRODUCT_BUNDLE_IDENTIFIER = yuncoffee.HighPitchMacCUITests;
				PRODUCT_NAME = "$(TARGET_NAME)";
				SDKROOT = auto;
				SUPPORTED_PLATFORMS = "iphoneos iphonesimulator macosx";
				SWIFT_EMIT_LOC_STRINGS = NO;
				SWIFT_VERSION = 5.0;
				TARGETED_DEVICE_FAMILY = "1,2";
				TEST_TARGET_NAME = HighPitchMacC;
			};
			name = Release;
		};
/* End XCBuildConfiguration section */

/* Begin XCConfigurationList section */
		1D8F7E172AD3C4BA006B5578 /* Build configuration list for PBXProject "HighPitchMacC" */ = {
			isa = XCConfigurationList;
			buildConfigurations = (
				1D8F7E422AD3C4BC006B5578 /* Debug */,
				1D8F7E432AD3C4BC006B5578 /* Release */,
			);
			defaultConfigurationIsVisible = 0;
			defaultConfigurationName = Release;
		};
		1D8F7E442AD3C4BC006B5578 /* Build configuration list for PBXNativeTarget "HighPitchMacC" */ = {
			isa = XCConfigurationList;
			buildConfigurations = (
				1D8F7E452AD3C4BC006B5578 /* Debug */,
				1D8F7E462AD3C4BC006B5578 /* Release */,
			);
			defaultConfigurationIsVisible = 0;
			defaultConfigurationName = Release;
		};
		1D8F7E472AD3C4BC006B5578 /* Build configuration list for PBXNativeTarget "HighPitchMacCTests" */ = {
			isa = XCConfigurationList;
			buildConfigurations = (
				1D8F7E482AD3C4BC006B5578 /* Debug */,
				1D8F7E492AD3C4BC006B5578 /* Release */,
			);
			defaultConfigurationIsVisible = 0;
			defaultConfigurationName = Release;
		};
		1D8F7E4A2AD3C4BC006B5578 /* Build configuration list for PBXNativeTarget "HighPitchMacCUITests" */ = {
			isa = XCConfigurationList;
			buildConfigurations = (
				1D8F7E4B2AD3C4BC006B5578 /* Debug */,
				1D8F7E4C2AD3C4BC006B5578 /* Release */,
			);
			defaultConfigurationIsVisible = 0;
			defaultConfigurationName = Release;
		};
/* End XCConfigurationList section */

/* Begin XCRemoteSwiftPackageReference section */
		1D8F7E672AD3EACC006B5578 /* XCRemoteSwiftPackageReference "MenuBarExtraAccess" */ = {
			isa = XCRemoteSwiftPackageReference;
			repositoryURL = "https://github.com/orchetect/MenuBarExtraAccess";
			requirement = {
				kind = upToNextMajorVersion;
				minimumVersion = 1.0.5;
			};
		};
/* End XCRemoteSwiftPackageReference section */

/* Begin XCSwiftPackageProductDependency section */
		1D8F7E682AD3EACC006B5578 /* MenuBarExtraAccess */ = {
			isa = XCSwiftPackageProductDependency;
			package = 1D8F7E672AD3EACC006B5578 /* XCRemoteSwiftPackageReference "MenuBarExtraAccess" */;
			productName = MenuBarExtraAccess;
		};
/* End XCSwiftPackageProductDependency section */
	};
	rootObject = 1D8F7E142AD3C4BA006B5578 /* Project object */;
}
