// !$*UTF8*$!
{
	archiveVersion = 1;
	classes = {
	};
	objectVersion = 56;
	objects = {

/* Begin PBXBuildFile section */
		1D09AF682AD98A1700C1400E /* ProjectView.swift in Sources */ = {isa = PBXBuildFile; fileRef = 1D09AF672AD98A1700C1400E /* ProjectView.swift */; };
		1D09AF6A2AD98A4000C1400E /* PracticeView.swift in Sources */ = {isa = PBXBuildFile; fileRef = 1D09AF692AD98A4000C1400E /* PracticeView.swift */; };
		1D09AF6C2AD98AB500C1400E /* Projects.json in Resources */ = {isa = PBXBuildFile; fileRef = 1D09AF6B2AD98AB500C1400E /* Projects.json */; };
		1D09AF6E2AD98B0100C1400E /* NotificationManager.swift in Sources */ = {isa = PBXBuildFile; fileRef = 1D09AF6D2AD98B0100C1400E /* NotificationManager.swift */; };
		1D09AF712AD98BB700C1400E /* SpeechRecognizerManager.swift in Sources */ = {isa = PBXBuildFile; fileRef = 1D09AF702AD98BB700C1400E /* SpeechRecognizerManager.swift */; };
		1D09AF742AD98C0900C1400E /* Date+Extension.swift in Sources */ = {isa = PBXBuildFile; fileRef = 1D09AF732AD98C0900C1400E /* Date+Extension.swift */; };
		1D09AF762AD98DA100C1400E /* String+Extension.swift in Sources */ = {isa = PBXBuildFile; fileRef = 1D09AF752AD98DA100C1400E /* String+Extension.swift */; };
		1D09AF792AD994D400C1400E /* HPButton.swift in Sources */ = {isa = PBXBuildFile; fileRef = 1D09AF782AD994D400C1400E /* HPButton.swift */; };
		1D09AF7C2AD9954000C1400E /* ProjectNavigationLinkView.swift in Sources */ = {isa = PBXBuildFile; fileRef = 1D09AF7B2AD9954000C1400E /* ProjectNavigationLinkView.swift */; };
		1D09AF7F2AD995BE00C1400E /* ProjectLinkItem.swift in Sources */ = {isa = PBXBuildFile; fileRef = 1D09AF7E2AD995BE00C1400E /* ProjectLinkItem.swift */; };
		1D09AF832AD9963E00C1400E /* ProjectManager.swift in Sources */ = {isa = PBXBuildFile; fileRef = 1D09AF822AD9963E00C1400E /* ProjectManager.swift */; };
		1D30E61B2AD59E6C00623A58 /* SampleModel.swift in Sources */ = {isa = PBXBuildFile; fileRef = 1D30E61A2AD59E6C00623A58 /* SampleModel.swift */; };
		1D30E6252AD6117F00623A58 /* MediaManager.swift in Sources */ = {isa = PBXBuildFile; fileRef = 1D30E6242AD6117F00623A58 /* MediaManager.swift */; };
		1D30E62C2AD6E88500623A58 /* .swiftlint.yml in Resources */ = {isa = PBXBuildFile; fileRef = 1D30E62B2AD6E88500623A58 /* .swiftlint.yml */; };
		1D30E62F2AD6EA7500623A58 /* AppleScriptManager.swift in Sources */ = {isa = PBXBuildFile; fileRef = 1D30E62E2AD6EA7500623A58 /* AppleScriptManager.swift */; };
		1D30E6352AD6EE3300623A58 /* AppleScript.swift in Sources */ = {isa = PBXBuildFile; fileRef = 1D30E6342AD6EE3300623A58 /* AppleScript.swift */; };
		1D8C5AF02AD7BB3200B01F10 /* Project.swift in Sources */ = {isa = PBXBuildFile; fileRef = 1D8C5AEF2AD7BB3200B01F10 /* Project.swift */; };
		1D8C5AF32AD7BBBA00B01F10 /* Practice.swift in Sources */ = {isa = PBXBuildFile; fileRef = 1D8C5AF22AD7BBBA00B01F10 /* Practice.swift */; };
		1D8C5AF52AD7BEDB00B01F10 /* Utterence.swift in Sources */ = {isa = PBXBuildFile; fileRef = 1D8C5AF42AD7BEDB00B01F10 /* Utterence.swift */; };
		1DB132312AD771A6006711B9 /* KeynoteManager.swift in Sources */ = {isa = PBXBuildFile; fileRef = 1DB132302AD771A6006711B9 /* KeynoteManager.swift */; };
		1DB132342AD78752006711B9 /* ReturnzeroAPI.swift in Sources */ = {isa = PBXBuildFile; fileRef = 1DB132332AD78752006711B9 /* ReturnzeroAPI.swift */; };
		1DF6598A2AD594BD00AE5601 /* highpitchApp.swift in Sources */ = {isa = PBXBuildFile; fileRef = 1DF659892AD594BD00AE5601 /* highpitchApp.swift */; };
		1DF6598C2AD594BD00AE5601 /* ContentView.swift in Sources */ = {isa = PBXBuildFile; fileRef = 1DF6598B2AD594BD00AE5601 /* ContentView.swift */; };
		1DF6598E2AD594BD00AE5601 /* Item.swift in Sources */ = {isa = PBXBuildFile; fileRef = 1DF6598D2AD594BD00AE5601 /* Item.swift */; };
		1DF659902AD594BF00AE5601 /* Assets.xcassets in Resources */ = {isa = PBXBuildFile; fileRef = 1DF6598F2AD594BF00AE5601 /* Assets.xcassets */; };
		1DF659942AD594BF00AE5601 /* Preview Assets.xcassets in Resources */ = {isa = PBXBuildFile; fileRef = 1DF659932AD594BF00AE5601 /* Preview Assets.xcassets */; };
		1DF6599F2AD594BF00AE5601 /* highpitchTests.swift in Sources */ = {isa = PBXBuildFile; fileRef = 1DF6599E2AD594BF00AE5601 /* highpitchTests.swift */; };
		1DF659A92AD594BF00AE5601 /* highpitchUITests.swift in Sources */ = {isa = PBXBuildFile; fileRef = 1DF659A82AD594BF00AE5601 /* highpitchUITests.swift */; };
		1DF659AB2AD594BF00AE5601 /* highpitchUITestsLaunchTests.swift in Sources */ = {isa = PBXBuildFile; fileRef = 1DF659AA2AD594BF00AE5601 /* highpitchUITestsLaunchTests.swift */; };
		1DF659BB2AD5959200AE5601 /* HighPitchApp.swift in Sources */ = {isa = PBXBuildFile; fileRef = 1DF659BA2AD5959200AE5601 /* HighPitchApp.swift */; };
		1DF659C32AD5974C00AE5601 /* MainWindowView.swift in Sources */ = {isa = PBXBuildFile; fileRef = 1DF659C22AD5974C00AE5601 /* MainWindowView.swift */; };
		1DF659C52AD5992C00AE5601 /* SettingsView.swift in Sources */ = {isa = PBXBuildFile; fileRef = 1DF659C42AD5992C00AE5601 /* SettingsView.swift */; };
		1DF659C82AD5998D00AE5601 /* MenubarExtraView.swift in Sources */ = {isa = PBXBuildFile; fileRef = 1DF659C72AD5998D00AE5601 /* MenubarExtraView.swift */; };
/* End PBXBuildFile section */

/* Begin PBXContainerItemProxy section */
		1DF6599B2AD594BF00AE5601 /* PBXContainerItemProxy */ = {
			isa = PBXContainerItemProxy;
			containerPortal = 1DF6597E2AD594BD00AE5601 /* Project object */;
			proxyType = 1;
			remoteGlobalIDString = 1DF659852AD594BD00AE5601;
			remoteInfo = highpitch;
		};
		1DF659A52AD594BF00AE5601 /* PBXContainerItemProxy */ = {
			isa = PBXContainerItemProxy;
			containerPortal = 1DF6597E2AD594BD00AE5601 /* Project object */;
			proxyType = 1;
			remoteGlobalIDString = 1DF659852AD594BD00AE5601;
			remoteInfo = highpitch;
		};
/* End PBXContainerItemProxy section */

/* Begin PBXFileReference section */
		1D09AF672AD98A1700C1400E /* ProjectView.swift */ = {isa = PBXFileReference; lastKnownFileType = sourcecode.swift; path = ProjectView.swift; sourceTree = "<group>"; };
		1D09AF692AD98A4000C1400E /* PracticeView.swift */ = {isa = PBXFileReference; lastKnownFileType = sourcecode.swift; path = PracticeView.swift; sourceTree = "<group>"; };
		1D09AF6B2AD98AB500C1400E /* Projects.json */ = {isa = PBXFileReference; lastKnownFileType = text.json; path = Projects.json; sourceTree = "<group>"; };
		1D09AF6D2AD98B0100C1400E /* NotificationManager.swift */ = {isa = PBXFileReference; lastKnownFileType = sourcecode.swift; path = NotificationManager.swift; sourceTree = "<group>"; };
		1D09AF702AD98BB700C1400E /* SpeechRecognizerManager.swift */ = {isa = PBXFileReference; lastKnownFileType = sourcecode.swift; path = SpeechRecognizerManager.swift; sourceTree = "<group>"; };
		1D09AF732AD98C0900C1400E /* Date+Extension.swift */ = {isa = PBXFileReference; lastKnownFileType = sourcecode.swift; path = "Date+Extension.swift"; sourceTree = "<group>"; };
		1D09AF752AD98DA100C1400E /* String+Extension.swift */ = {isa = PBXFileReference; lastKnownFileType = sourcecode.swift; path = "String+Extension.swift"; sourceTree = "<group>"; };
		1D09AF782AD994D400C1400E /* HPButton.swift */ = {isa = PBXFileReference; lastKnownFileType = sourcecode.swift; path = HPButton.swift; sourceTree = "<group>"; };
		1D09AF7B2AD9954000C1400E /* ProjectNavigationLinkView.swift */ = {isa = PBXFileReference; lastKnownFileType = sourcecode.swift; path = ProjectNavigationLinkView.swift; sourceTree = "<group>"; };
		1D09AF7E2AD995BE00C1400E /* ProjectLinkItem.swift */ = {isa = PBXFileReference; lastKnownFileType = sourcecode.swift; path = ProjectLinkItem.swift; sourceTree = "<group>"; };
		1D09AF822AD9963E00C1400E /* ProjectManager.swift */ = {isa = PBXFileReference; lastKnownFileType = sourcecode.swift; path = ProjectManager.swift; sourceTree = "<group>"; };
		1D30E61A2AD59E6C00623A58 /* SampleModel.swift */ = {isa = PBXFileReference; lastKnownFileType = sourcecode.swift; path = SampleModel.swift; sourceTree = "<group>"; };
		1D30E6242AD6117F00623A58 /* MediaManager.swift */ = {isa = PBXFileReference; lastKnownFileType = sourcecode.swift; path = MediaManager.swift; sourceTree = "<group>"; };
		1D30E62B2AD6E88500623A58 /* .swiftlint.yml */ = {isa = PBXFileReference; lastKnownFileType = text.yaml; path = .swiftlint.yml; sourceTree = "<group>"; };
		1D30E62E2AD6EA7500623A58 /* AppleScriptManager.swift */ = {isa = PBXFileReference; lastKnownFileType = sourcecode.swift; path = AppleScriptManager.swift; sourceTree = "<group>"; };
		1D30E6342AD6EE3300623A58 /* AppleScript.swift */ = {isa = PBXFileReference; lastKnownFileType = sourcecode.swift; path = AppleScript.swift; sourceTree = "<group>"; };
		1D8C5AEF2AD7BB3200B01F10 /* Project.swift */ = {isa = PBXFileReference; lastKnownFileType = sourcecode.swift; path = Project.swift; sourceTree = "<group>"; };
		1D8C5AF22AD7BBBA00B01F10 /* Practice.swift */ = {isa = PBXFileReference; lastKnownFileType = sourcecode.swift; path = Practice.swift; sourceTree = "<group>"; };
		1D8C5AF42AD7BEDB00B01F10 /* Utterence.swift */ = {isa = PBXFileReference; lastKnownFileType = sourcecode.swift; path = Utterence.swift; sourceTree = "<group>"; };
		1DB132302AD771A6006711B9 /* KeynoteManager.swift */ = {isa = PBXFileReference; lastKnownFileType = sourcecode.swift; path = KeynoteManager.swift; sourceTree = "<group>"; };
		1DB132332AD78752006711B9 /* ReturnzeroAPI.swift */ = {isa = PBXFileReference; lastKnownFileType = sourcecode.swift; path = ReturnzeroAPI.swift; sourceTree = "<group>"; };
		1DF659862AD594BD00AE5601 /* highpitch.app */ = {isa = PBXFileReference; explicitFileType = wrapper.application; includeInIndex = 0; path = highpitch.app; sourceTree = BUILT_PRODUCTS_DIR; };
		1DF659892AD594BD00AE5601 /* highpitchApp.swift */ = {isa = PBXFileReference; lastKnownFileType = sourcecode.swift; path = highpitchApp.swift; sourceTree = "<group>"; };
		1DF6598B2AD594BD00AE5601 /* ContentView.swift */ = {isa = PBXFileReference; lastKnownFileType = sourcecode.swift; path = ContentView.swift; sourceTree = "<group>"; };
		1DF6598D2AD594BD00AE5601 /* Item.swift */ = {isa = PBXFileReference; lastKnownFileType = sourcecode.swift; path = Item.swift; sourceTree = "<group>"; };
		1DF6598F2AD594BF00AE5601 /* Assets.xcassets */ = {isa = PBXFileReference; lastKnownFileType = folder.assetcatalog; path = Assets.xcassets; sourceTree = "<group>"; };
		1DF659912AD594BF00AE5601 /* highpitch.entitlements */ = {isa = PBXFileReference; lastKnownFileType = text.plist.entitlements; path = highpitch.entitlements; sourceTree = "<group>"; };
		1DF659932AD594BF00AE5601 /* Preview Assets.xcassets */ = {isa = PBXFileReference; lastKnownFileType = folder.assetcatalog; path = "Preview Assets.xcassets"; sourceTree = "<group>"; };
		1DF659952AD594BF00AE5601 /* Info.plist */ = {isa = PBXFileReference; lastKnownFileType = text.plist.xml; path = Info.plist; sourceTree = "<group>"; };
		1DF6599A2AD594BF00AE5601 /* highpitchTests.xctest */ = {isa = PBXFileReference; explicitFileType = wrapper.cfbundle; includeInIndex = 0; path = highpitchTests.xctest; sourceTree = BUILT_PRODUCTS_DIR; };
		1DF6599E2AD594BF00AE5601 /* highpitchTests.swift */ = {isa = PBXFileReference; lastKnownFileType = sourcecode.swift; path = highpitchTests.swift; sourceTree = "<group>"; };
		1DF659A42AD594BF00AE5601 /* highpitchUITests.xctest */ = {isa = PBXFileReference; explicitFileType = wrapper.cfbundle; includeInIndex = 0; path = highpitchUITests.xctest; sourceTree = BUILT_PRODUCTS_DIR; };
		1DF659A82AD594BF00AE5601 /* highpitchUITests.swift */ = {isa = PBXFileReference; lastKnownFileType = sourcecode.swift; path = highpitchUITests.swift; sourceTree = "<group>"; };
		1DF659AA2AD594BF00AE5601 /* highpitchUITestsLaunchTests.swift */ = {isa = PBXFileReference; lastKnownFileType = sourcecode.swift; path = highpitchUITestsLaunchTests.swift; sourceTree = "<group>"; };
		1DF659BA2AD5959200AE5601 /* HighPitchApp.swift */ = {isa = PBXFileReference; lastKnownFileType = sourcecode.swift; path = HighPitchApp.swift; sourceTree = "<group>"; };
		1DF659C22AD5974C00AE5601 /* MainWindowView.swift */ = {isa = PBXFileReference; lastKnownFileType = sourcecode.swift; path = MainWindowView.swift; sourceTree = "<group>"; };
		1DF659C42AD5992C00AE5601 /* SettingsView.swift */ = {isa = PBXFileReference; lastKnownFileType = sourcecode.swift; path = SettingsView.swift; sourceTree = "<group>"; };
		1DF659C72AD5998D00AE5601 /* MenubarExtraView.swift */ = {isa = PBXFileReference; lastKnownFileType = sourcecode.swift; path = MenubarExtraView.swift; sourceTree = "<group>"; };
/* End PBXFileReference section */

/* Begin PBXFrameworksBuildPhase section */
		1DF659832AD594BD00AE5601 /* Frameworks */ = {
			isa = PBXFrameworksBuildPhase;
			buildActionMask = 2147483647;
			files = (
			);
			runOnlyForDeploymentPostprocessing = 0;
		};
		1DF659972AD594BF00AE5601 /* Frameworks */ = {
			isa = PBXFrameworksBuildPhase;
			buildActionMask = 2147483647;
			files = (
			);
			runOnlyForDeploymentPostprocessing = 0;
		};
		1DF659A12AD594BF00AE5601 /* Frameworks */ = {
			isa = PBXFrameworksBuildPhase;
			buildActionMask = 2147483647;
			files = (
			);
			runOnlyForDeploymentPostprocessing = 0;
		};
/* End PBXFrameworksBuildPhase section */

/* Begin PBXGroup section */
		1D09AF5C2AD9892500C1400E /* ProjectView */ = {
			isa = PBXGroup;
			children = (
				1D09AF672AD98A1700C1400E /* ProjectView.swift */,
				1D09AF642AD989DA00C1400E /* PracticeView */,
			);
			path = ProjectView;
			sourceTree = "<group>";
		};
		1D09AF642AD989DA00C1400E /* PracticeView */ = {
			isa = PBXGroup;
			children = (
				1D09AF692AD98A4000C1400E /* PracticeView.swift */,
			);
			path = PracticeView;
			sourceTree = "<group>";
		};
		1D09AF722AD98BEF00C1400E /* Extension */ = {
			isa = PBXGroup;
			children = (
				1D09AF732AD98C0900C1400E /* Date+Extension.swift */,
				1D09AF752AD98DA100C1400E /* String+Extension.swift */,
			);
			path = Extension;
			sourceTree = "<group>";
		};
		1D09AF772AD994C400C1400E /* Components */ = {
			isa = PBXGroup;
			children = (
				1D09AF782AD994D400C1400E /* HPButton.swift */,
			);
			path = Components;
			sourceTree = "<group>";
		};
		1D09AF7A2AD9952D00C1400E /* ProjectNavigationLink */ = {
			isa = PBXGroup;
			children = (
				1D09AF7B2AD9954000C1400E /* ProjectNavigationLinkView.swift */,
				1D09AF7D2AD9959900C1400E /* ProjectLinkItem */,
			);
			path = ProjectNavigationLink;
			sourceTree = "<group>";
		};
		1D09AF7D2AD9959900C1400E /* ProjectLinkItem */ = {
			isa = PBXGroup;
			children = (
				1D09AF7E2AD995BE00C1400E /* ProjectLinkItem.swift */,
			);
			path = ProjectLinkItem;
			sourceTree = "<group>";
		};
		1D30E6162AD59E0C00623A58 /* Models */ = {
			isa = PBXGroup;
			children = (
				1D30E6322AD6EC0700623A58 /* DataModels */,
				1D30E6302AD6EAE200623A58 /* PersistenceModels */,
			);
			path = Models;
			sourceTree = "<group>";
		};
		1D30E6192AD59E5E00623A58 /* SampleModel */ = {
			isa = PBXGroup;
			children = (
				1D30E61A2AD59E6C00623A58 /* SampleModel.swift */,
			);
			path = SampleModel;
			sourceTree = "<group>";
		};
		1D30E6222AD6113C00623A58 /* Managers */ = {
			isa = PBXGroup;
			children = (
				1D30E62E2AD6EA7500623A58 /* AppleScriptManager.swift */,
				1DB132302AD771A6006711B9 /* KeynoteManager.swift */,
				1D30E6242AD6117F00623A58 /* MediaManager.swift */,
				1D09AF6D2AD98B0100C1400E /* NotificationManager.swift */,
				1D09AF822AD9963E00C1400E /* ProjectManager.swift */,
				1D09AF702AD98BB700C1400E /* SpeechRecognizerManager.swift */,
			);
			path = Managers;
			sourceTree = "<group>";
		};
		1D30E6292AD6E5D300623A58 /* APIs */ = {
			isa = PBXGroup;
			children = (
				1DB132322AD78742006711B9 /* ReturnZero */,
			);
			path = APIs;
			sourceTree = "<group>";
		};
		1D30E62A2AD6E67900623A58 /* Embaded */ = {
			isa = PBXGroup;
			children = (
				1D09AF6B2AD98AB500C1400E /* Projects.json */,
			);
			path = Embaded;
			sourceTree = "<group>";
		};
		1D30E6302AD6EAE200623A58 /* PersistenceModels */ = {
			isa = PBXGroup;
			children = (
				1D8C5AF42AD7BEDB00B01F10 /* Utterence.swift */,
				1D8C5AF22AD7BBBA00B01F10 /* Practice.swift */,
				1D8C5AEF2AD7BB3200B01F10 /* Project.swift */,
				1D30E6192AD59E5E00623A58 /* SampleModel */,
			);
			path = PersistenceModels;
			sourceTree = "<group>";
		};
		1D30E6322AD6EC0700623A58 /* DataModels */ = {
			isa = PBXGroup;
			children = (
				1D30E6342AD6EE3300623A58 /* AppleScript.swift */,
			);
			path = DataModels;
			sourceTree = "<group>";
		};
		1DB132322AD78742006711B9 /* ReturnZero */ = {
			isa = PBXGroup;
			children = (
				1DB132332AD78752006711B9 /* ReturnzeroAPI.swift */,
			);
			path = ReturnZero;
			sourceTree = "<group>";
		};
		1DF6597D2AD594BD00AE5601 = {
			isa = PBXGroup;
			children = (
				1D30E62B2AD6E88500623A58 /* .swiftlint.yml */,
				1DF659882AD594BD00AE5601 /* highpitch */,
				1DF6599D2AD594BF00AE5601 /* highpitchTests */,
				1DF659A72AD594BF00AE5601 /* highpitchUITests */,
				1DF659872AD594BD00AE5601 /* Products */,
			);
			sourceTree = "<group>";
		};
		1DF659872AD594BD00AE5601 /* Products */ = {
			isa = PBXGroup;
			children = (
				1DF659862AD594BD00AE5601 /* highpitch.app */,
				1DF6599A2AD594BF00AE5601 /* highpitchTests.xctest */,
				1DF659A42AD594BF00AE5601 /* highpitchUITests.xctest */,
			);
			name = Products;
			sourceTree = "<group>";
		};
		1DF659882AD594BD00AE5601 /* highpitch */ = {
			isa = PBXGroup;
			children = (
				1D30E6162AD59E0C00623A58 /* Models */,
				1DF659BC2AD595E100AE5601 /* Presentation */,
				1D30E6222AD6113C00623A58 /* Managers */,
				1D09AF722AD98BEF00C1400E /* Extension */,
				1D30E6292AD6E5D300623A58 /* APIs */,
				1DF659B92AD5951900AE5601 /* Resource */,
				1DF659B82AD5950900AE5601 /* App */,
				1DF659B72AD594E600AE5601 /* DefaultSample */,
			);
			path = highpitch;
			sourceTree = "<group>";
		};
		1DF659922AD594BF00AE5601 /* Preview Content */ = {
			isa = PBXGroup;
			children = (
				1DF659932AD594BF00AE5601 /* Preview Assets.xcassets */,
			);
			path = "Preview Content";
			sourceTree = "<group>";
		};
		1DF6599D2AD594BF00AE5601 /* highpitchTests */ = {
			isa = PBXGroup;
			children = (
				1DF6599E2AD594BF00AE5601 /* highpitchTests.swift */,
			);
			path = highpitchTests;
			sourceTree = "<group>";
		};
		1DF659A72AD594BF00AE5601 /* highpitchUITests */ = {
			isa = PBXGroup;
			children = (
				1DF659A82AD594BF00AE5601 /* highpitchUITests.swift */,
				1DF659AA2AD594BF00AE5601 /* highpitchUITestsLaunchTests.swift */,
			);
			path = highpitchUITests;
			sourceTree = "<group>";
		};
		1DF659B72AD594E600AE5601 /* DefaultSample */ = {
			isa = PBXGroup;
			children = (
				1DF659892AD594BD00AE5601 /* highpitchApp.swift */,
				1DF6598B2AD594BD00AE5601 /* ContentView.swift */,
				1DF6598D2AD594BD00AE5601 /* Item.swift */,
			);
			path = DefaultSample;
			sourceTree = "<group>";
		};
		1DF659B82AD5950900AE5601 /* App */ = {
			isa = PBXGroup;
			children = (
				1DF659BA2AD5959200AE5601 /* HighPitchApp.swift */,
				1DF659952AD594BF00AE5601 /* Info.plist */,
				1DF659912AD594BF00AE5601 /* highpitch.entitlements */,
				1DF659922AD594BF00AE5601 /* Preview Content */,
			);
			path = App;
			sourceTree = "<group>";
		};
		1DF659B92AD5951900AE5601 /* Resource */ = {
			isa = PBXGroup;
			children = (
				1D30E62A2AD6E67900623A58 /* Embaded */,
				1DF6598F2AD594BF00AE5601 /* Assets.xcassets */,
			);
			path = Resource;
			sourceTree = "<group>";
		};
		1DF659BC2AD595E100AE5601 /* Presentation */ = {
			isa = PBXGroup;
			children = (
				1D09AF772AD994C400C1400E /* Components */,
				1DF659C62AD5998000AE5601 /* MenubarExtra */,
				1DF659BF2AD5961A00AE5601 /* Settings */,
				1DF659BE2AD5960100AE5601 /* MainWindow */,
			);
			path = Presentation;
			sourceTree = "<group>";
		};
		1DF659BE2AD5960100AE5601 /* MainWindow */ = {
			isa = PBXGroup;
			children = (
				1DF659C22AD5974C00AE5601 /* MainWindowView.swift */,
				1D09AF7A2AD9952D00C1400E /* ProjectNavigationLink */,
				1D09AF5C2AD9892500C1400E /* ProjectView */,
			);
			path = MainWindow;
			sourceTree = "<group>";
		};
		1DF659BF2AD5961A00AE5601 /* Settings */ = {
			isa = PBXGroup;
			children = (
				1DF659C42AD5992C00AE5601 /* SettingsView.swift */,
			);
			path = Settings;
			sourceTree = "<group>";
		};
		1DF659C62AD5998000AE5601 /* MenubarExtra */ = {
			isa = PBXGroup;
			children = (
				1DF659C72AD5998D00AE5601 /* MenubarExtraView.swift */,
			);
			path = MenubarExtra;
			sourceTree = "<group>";
		};
/* End PBXGroup section */

/* Begin PBXNativeTarget section */
		1DF659852AD594BD00AE5601 /* highpitch */ = {
			isa = PBXNativeTarget;
			buildConfigurationList = 1DF659AE2AD594BF00AE5601 /* Build configuration list for PBXNativeTarget "highpitch" */;
			buildPhases = (
				1D30E62D2AD6E89800623A58 /* Swift Lint */,
				1DF659822AD594BD00AE5601 /* Sources */,
				1DF659832AD594BD00AE5601 /* Frameworks */,
				1DF659842AD594BD00AE5601 /* Resources */,
			);
			buildRules = (
			);
			dependencies = (
			);
			name = highpitch;
			productName = highpitch;
			productReference = 1DF659862AD594BD00AE5601 /* highpitch.app */;
			productType = "com.apple.product-type.application";
		};
		1DF659992AD594BF00AE5601 /* highpitchTests */ = {
			isa = PBXNativeTarget;
			buildConfigurationList = 1DF659B12AD594BF00AE5601 /* Build configuration list for PBXNativeTarget "highpitchTests" */;
			buildPhases = (
				1DF659962AD594BF00AE5601 /* Sources */,
				1DF659972AD594BF00AE5601 /* Frameworks */,
				1DF659982AD594BF00AE5601 /* Resources */,
			);
			buildRules = (
			);
			dependencies = (
				1DF6599C2AD594BF00AE5601 /* PBXTargetDependency */,
			);
			name = highpitchTests;
			productName = highpitchTests;
			productReference = 1DF6599A2AD594BF00AE5601 /* highpitchTests.xctest */;
			productType = "com.apple.product-type.bundle.unit-test";
		};
		1DF659A32AD594BF00AE5601 /* highpitchUITests */ = {
			isa = PBXNativeTarget;
			buildConfigurationList = 1DF659B42AD594BF00AE5601 /* Build configuration list for PBXNativeTarget "highpitchUITests" */;
			buildPhases = (
				1DF659A02AD594BF00AE5601 /* Sources */,
				1DF659A12AD594BF00AE5601 /* Frameworks */,
				1DF659A22AD594BF00AE5601 /* Resources */,
			);
			buildRules = (
			);
			dependencies = (
				1DF659A62AD594BF00AE5601 /* PBXTargetDependency */,
			);
			name = highpitchUITests;
			productName = highpitchUITests;
			productReference = 1DF659A42AD594BF00AE5601 /* highpitchUITests.xctest */;
			productType = "com.apple.product-type.bundle.ui-testing";
		};
/* End PBXNativeTarget section */

/* Begin PBXProject section */
		1DF6597E2AD594BD00AE5601 /* Project object */ = {
			isa = PBXProject;
			attributes = {
				BuildIndependentTargetsInParallel = 1;
				LastSwiftUpdateCheck = 1500;
				LastUpgradeCheck = 1500;
				TargetAttributes = {
					1DF659852AD594BD00AE5601 = {
						CreatedOnToolsVersion = 15.0;
					};
					1DF659992AD594BF00AE5601 = {
						CreatedOnToolsVersion = 15.0;
						TestTargetID = 1DF659852AD594BD00AE5601;
					};
					1DF659A32AD594BF00AE5601 = {
						CreatedOnToolsVersion = 15.0;
						TestTargetID = 1DF659852AD594BD00AE5601;
					};
				};
			};
			buildConfigurationList = 1DF659812AD594BD00AE5601 /* Build configuration list for PBXProject "highpitch" */;
			compatibilityVersion = "Xcode 14.0";
			developmentRegion = en;
			hasScannedForEncodings = 0;
			knownRegions = (
				en,
				Base,
			);
			mainGroup = 1DF6597D2AD594BD00AE5601;
			productRefGroup = 1DF659872AD594BD00AE5601 /* Products */;
			projectDirPath = "";
			projectRoot = "";
			targets = (
				1DF659852AD594BD00AE5601 /* highpitch */,
				1DF659992AD594BF00AE5601 /* highpitchTests */,
				1DF659A32AD594BF00AE5601 /* highpitchUITests */,
			);
		};
/* End PBXProject section */

/* Begin PBXResourcesBuildPhase section */
		1DF659842AD594BD00AE5601 /* Resources */ = {
			isa = PBXResourcesBuildPhase;
			buildActionMask = 2147483647;
			files = (
				1D30E62C2AD6E88500623A58 /* .swiftlint.yml in Resources */,
				1DF659942AD594BF00AE5601 /* Preview Assets.xcassets in Resources */,
				1DF659902AD594BF00AE5601 /* Assets.xcassets in Resources */,
				1D09AF6C2AD98AB500C1400E /* Projects.json in Resources */,
			);
			runOnlyForDeploymentPostprocessing = 0;
		};
		1DF659982AD594BF00AE5601 /* Resources */ = {
			isa = PBXResourcesBuildPhase;
			buildActionMask = 2147483647;
			files = (
			);
			runOnlyForDeploymentPostprocessing = 0;
		};
		1DF659A22AD594BF00AE5601 /* Resources */ = {
			isa = PBXResourcesBuildPhase;
			buildActionMask = 2147483647;
			files = (
			);
			runOnlyForDeploymentPostprocessing = 0;
		};
/* End PBXResourcesBuildPhase section */

/* Begin PBXShellScriptBuildPhase section */
		1D30E62D2AD6E89800623A58 /* Swift Lint */ = {
			isa = PBXShellScriptBuildPhase;
			alwaysOutOfDate = 1;
			buildActionMask = 2147483647;
			files = (
			);
			inputFileListPaths = (
			);
			inputPaths = (
			);
			name = "Swift Lint";
			outputFileListPaths = (
			);
			outputPaths = (
			);
			runOnlyForDeploymentPostprocessing = 0;
			shellPath = /bin/sh;
			shellScript = "if [[ \"$(uname -m)\" == arm64 ]]; then\n    export PATH=\"/opt/homebrew/bin:$PATH\"\nfi\n\nif which swiftlint > /dev/null; then\n  swiftlint\nelse\n  echo \"warning: SwiftLint not installed, download from https://github.com/realm/SwiftLint\"\nfi\n";
		};
/* End PBXShellScriptBuildPhase section */

/* Begin PBXSourcesBuildPhase section */
		1DF659822AD594BD00AE5601 /* Sources */ = {
			isa = PBXSourcesBuildPhase;
			buildActionMask = 2147483647;
			files = (
				1D30E6252AD6117F00623A58 /* MediaManager.swift in Sources */,
				1D09AF742AD98C0900C1400E /* Date+Extension.swift in Sources */,
				1DB132312AD771A6006711B9 /* KeynoteManager.swift in Sources */,
				1D09AF832AD9963E00C1400E /* ProjectManager.swift in Sources */,
				1DF6598C2AD594BD00AE5601 /* ContentView.swift in Sources */,
				1DF659C82AD5998D00AE5601 /* MenubarExtraView.swift in Sources */,
				1D30E6352AD6EE3300623A58 /* AppleScript.swift in Sources */,
				1DF659BB2AD5959200AE5601 /* HighPitchApp.swift in Sources */,
				1D09AF682AD98A1700C1400E /* ProjectView.swift in Sources */,
				1D09AF6A2AD98A4000C1400E /* PracticeView.swift in Sources */,
				1D09AF7F2AD995BE00C1400E /* ProjectLinkItem.swift in Sources */,
				1DF6598E2AD594BD00AE5601 /* Item.swift in Sources */,
				1D09AF7C2AD9954000C1400E /* ProjectNavigationLinkView.swift in Sources */,
				1D8C5AF02AD7BB3200B01F10 /* Project.swift in Sources */,
				1DF659C52AD5992C00AE5601 /* SettingsView.swift in Sources */,
				1D09AF762AD98DA100C1400E /* String+Extension.swift in Sources */,
				1D09AF712AD98BB700C1400E /* SpeechRecognizerManager.swift in Sources */,
				1DF659C32AD5974C00AE5601 /* MainWindowView.swift in Sources */,
				1D30E62F2AD6EA7500623A58 /* AppleScriptManager.swift in Sources */,
				1DF6598A2AD594BD00AE5601 /* highpitchApp.swift in Sources */,
				1D30E61B2AD59E6C00623A58 /* SampleModel.swift in Sources */,
				1D09AF6E2AD98B0100C1400E /* NotificationManager.swift in Sources */,
				1D09AF792AD994D400C1400E /* HPButton.swift in Sources */,
				1D8C5AF32AD7BBBA00B01F10 /* Practice.swift in Sources */,
				1DB132342AD78752006711B9 /* ReturnzeroAPI.swift in Sources */,
				1D8C5AF52AD7BEDB00B01F10 /* Utterence.swift in Sources */,
			);
			runOnlyForDeploymentPostprocessing = 0;
		};
		1DF659962AD594BF00AE5601 /* Sources */ = {
			isa = PBXSourcesBuildPhase;
			buildActionMask = 2147483647;
			files = (
				1DF6599F2AD594BF00AE5601 /* highpitchTests.swift in Sources */,
			);
			runOnlyForDeploymentPostprocessing = 0;
		};
		1DF659A02AD594BF00AE5601 /* Sources */ = {
			isa = PBXSourcesBuildPhase;
			buildActionMask = 2147483647;
			files = (
				1DF659A92AD594BF00AE5601 /* highpitchUITests.swift in Sources */,
				1DF659AB2AD594BF00AE5601 /* highpitchUITestsLaunchTests.swift in Sources */,
			);
			runOnlyForDeploymentPostprocessing = 0;
		};
/* End PBXSourcesBuildPhase section */

/* Begin PBXTargetDependency section */
		1DF6599C2AD594BF00AE5601 /* PBXTargetDependency */ = {
			isa = PBXTargetDependency;
			target = 1DF659852AD594BD00AE5601 /* highpitch */;
			targetProxy = 1DF6599B2AD594BF00AE5601 /* PBXContainerItemProxy */;
		};
		1DF659A62AD594BF00AE5601 /* PBXTargetDependency */ = {
			isa = PBXTargetDependency;
			target = 1DF659852AD594BD00AE5601 /* highpitch */;
			targetProxy = 1DF659A52AD594BF00AE5601 /* PBXContainerItemProxy */;
		};
/* End PBXTargetDependency section */

/* Begin XCBuildConfiguration section */
		1DF659AC2AD594BF00AE5601 /* Debug */ = {
			isa = XCBuildConfiguration;
			buildSettings = {
				ALWAYS_SEARCH_USER_PATHS = NO;
				ASSETCATALOG_COMPILER_GENERATE_SWIFT_ASSET_SYMBOL_EXTENSIONS = YES;
				CLANG_ANALYZER_NONNULL = YES;
				CLANG_ANALYZER_NUMBER_OBJECT_CONVERSION = YES_AGGRESSIVE;
				CLANG_CXX_LANGUAGE_STANDARD = "gnu++20";
				CLANG_ENABLE_MODULES = YES;
				CLANG_ENABLE_OBJC_ARC = YES;
				CLANG_ENABLE_OBJC_WEAK = YES;
				CLANG_WARN_BLOCK_CAPTURE_AUTORELEASING = YES;
				CLANG_WARN_BOOL_CONVERSION = YES;
				CLANG_WARN_COMMA = YES;
				CLANG_WARN_CONSTANT_CONVERSION = YES;
				CLANG_WARN_DEPRECATED_OBJC_IMPLEMENTATIONS = YES;
				CLANG_WARN_DIRECT_OBJC_ISA_USAGE = YES_ERROR;
				CLANG_WARN_DOCUMENTATION_COMMENTS = YES;
				CLANG_WARN_EMPTY_BODY = YES;
				CLANG_WARN_ENUM_CONVERSION = YES;
				CLANG_WARN_INFINITE_RECURSION = YES;
				CLANG_WARN_INT_CONVERSION = YES;
				CLANG_WARN_NON_LITERAL_NULL_CONVERSION = YES;
				CLANG_WARN_OBJC_IMPLICIT_RETAIN_SELF = YES;
				CLANG_WARN_OBJC_LITERAL_CONVERSION = YES;
				CLANG_WARN_OBJC_ROOT_CLASS = YES_ERROR;
				CLANG_WARN_QUOTED_INCLUDE_IN_FRAMEWORK_HEADER = YES;
				CLANG_WARN_RANGE_LOOP_ANALYSIS = YES;
				CLANG_WARN_STRICT_PROTOTYPES = YES;
				CLANG_WARN_SUSPICIOUS_MOVE = YES;
				CLANG_WARN_UNGUARDED_AVAILABILITY = YES_AGGRESSIVE;
				CLANG_WARN_UNREACHABLE_CODE = YES;
				CLANG_WARN__DUPLICATE_METHOD_MATCH = YES;
				COPY_PHASE_STRIP = NO;
				DEBUG_INFORMATION_FORMAT = dwarf;
				ENABLE_STRICT_OBJC_MSGSEND = YES;
				ENABLE_TESTABILITY = YES;
				ENABLE_USER_SCRIPT_SANDBOXING = NO;
				GCC_C_LANGUAGE_STANDARD = gnu17;
				GCC_DYNAMIC_NO_PIC = NO;
				GCC_NO_COMMON_BLOCKS = YES;
				GCC_OPTIMIZATION_LEVEL = 0;
				GCC_PREPROCESSOR_DEFINITIONS = (
					"DEBUG=1",
					"$(inherited)",
				);
				GCC_WARN_64_TO_32_BIT_CONVERSION = YES;
				GCC_WARN_ABOUT_RETURN_TYPE = YES_ERROR;
				GCC_WARN_UNDECLARED_SELECTOR = YES;
				GCC_WARN_UNINITIALIZED_AUTOS = YES_AGGRESSIVE;
				GCC_WARN_UNUSED_FUNCTION = YES;
				GCC_WARN_UNUSED_VARIABLE = YES;
				LOCALIZATION_PREFERS_STRING_CATALOGS = YES;
				MTL_ENABLE_DEBUG_INFO = INCLUDE_SOURCE;
				MTL_FAST_MATH = YES;
				ONLY_ACTIVE_ARCH = YES;
				SWIFT_ACTIVE_COMPILATION_CONDITIONS = "DEBUG $(inherited)";
				SWIFT_OPTIMIZATION_LEVEL = "-Onone";
			};
			name = Debug;
		};
		1DF659AD2AD594BF00AE5601 /* Release */ = {
			isa = XCBuildConfiguration;
			buildSettings = {
				ALWAYS_SEARCH_USER_PATHS = NO;
				ASSETCATALOG_COMPILER_GENERATE_SWIFT_ASSET_SYMBOL_EXTENSIONS = YES;
				CLANG_ANALYZER_NONNULL = YES;
				CLANG_ANALYZER_NUMBER_OBJECT_CONVERSION = YES_AGGRESSIVE;
				CLANG_CXX_LANGUAGE_STANDARD = "gnu++20";
				CLANG_ENABLE_MODULES = YES;
				CLANG_ENABLE_OBJC_ARC = YES;
				CLANG_ENABLE_OBJC_WEAK = YES;
				CLANG_WARN_BLOCK_CAPTURE_AUTORELEASING = YES;
				CLANG_WARN_BOOL_CONVERSION = YES;
				CLANG_WARN_COMMA = YES;
				CLANG_WARN_CONSTANT_CONVERSION = YES;
				CLANG_WARN_DEPRECATED_OBJC_IMPLEMENTATIONS = YES;
				CLANG_WARN_DIRECT_OBJC_ISA_USAGE = YES_ERROR;
				CLANG_WARN_DOCUMENTATION_COMMENTS = YES;
				CLANG_WARN_EMPTY_BODY = YES;
				CLANG_WARN_ENUM_CONVERSION = YES;
				CLANG_WARN_INFINITE_RECURSION = YES;
				CLANG_WARN_INT_CONVERSION = YES;
				CLANG_WARN_NON_LITERAL_NULL_CONVERSION = YES;
				CLANG_WARN_OBJC_IMPLICIT_RETAIN_SELF = YES;
				CLANG_WARN_OBJC_LITERAL_CONVERSION = YES;
				CLANG_WARN_OBJC_ROOT_CLASS = YES_ERROR;
				CLANG_WARN_QUOTED_INCLUDE_IN_FRAMEWORK_HEADER = YES;
				CLANG_WARN_RANGE_LOOP_ANALYSIS = YES;
				CLANG_WARN_STRICT_PROTOTYPES = YES;
				CLANG_WARN_SUSPICIOUS_MOVE = YES;
				CLANG_WARN_UNGUARDED_AVAILABILITY = YES_AGGRESSIVE;
				CLANG_WARN_UNREACHABLE_CODE = YES;
				CLANG_WARN__DUPLICATE_METHOD_MATCH = YES;
				COPY_PHASE_STRIP = NO;
				DEBUG_INFORMATION_FORMAT = "dwarf-with-dsym";
				ENABLE_NS_ASSERTIONS = NO;
				ENABLE_STRICT_OBJC_MSGSEND = YES;
				ENABLE_USER_SCRIPT_SANDBOXING = NO;
				GCC_C_LANGUAGE_STANDARD = gnu17;
				GCC_NO_COMMON_BLOCKS = YES;
				GCC_WARN_64_TO_32_BIT_CONVERSION = YES;
				GCC_WARN_ABOUT_RETURN_TYPE = YES_ERROR;
				GCC_WARN_UNDECLARED_SELECTOR = YES;
				GCC_WARN_UNINITIALIZED_AUTOS = YES_AGGRESSIVE;
				GCC_WARN_UNUSED_FUNCTION = YES;
				GCC_WARN_UNUSED_VARIABLE = YES;
				LOCALIZATION_PREFERS_STRING_CATALOGS = YES;
				MTL_ENABLE_DEBUG_INFO = NO;
				MTL_FAST_MATH = YES;
				SWIFT_COMPILATION_MODE = wholemodule;
			};
			name = Release;
		};
		1DF659AF2AD594BF00AE5601 /* Debug */ = {
			isa = XCBuildConfiguration;
			buildSettings = {
				ASSETCATALOG_COMPILER_APPICON_NAME = AppIcon;
				ASSETCATALOG_COMPILER_GLOBAL_ACCENT_COLOR_NAME = AccentColor;
				CODE_SIGN_ENTITLEMENTS = highpitch/App/highpitch.entitlements;
				"CODE_SIGN_IDENTITY[sdk=macosx*]" = "Mac Developer";
				CODE_SIGN_STYLE = Manual;
				CURRENT_PROJECT_VERSION = 1;
				DEVELOPMENT_ASSET_PATHS = "\"highpitch/App/Preview Content\"";
				DEVELOPMENT_TEAM = "";
				"DEVELOPMENT_TEAM[sdk=iphoneos*]" = V7Y39HNV38;
				"DEVELOPMENT_TEAM[sdk=macosx*]" = V7Y39HNV38;
				ENABLE_HARDENED_RUNTIME = YES;
				"ENABLE_HARDENED_RUNTIME[sdk=macosx*]" = YES;
				ENABLE_PREVIEWS = YES;
				GENERATE_INFOPLIST_FILE = YES;
				INFOPLIST_FILE = highpitch/App/Info.plist;
				INFOPLIST_KEY_NSAppleEventsUsageDescription = "";
				"INFOPLIST_KEY_UIApplicationSceneManifest_Generation[sdk=iphoneos*]" = YES;
				"INFOPLIST_KEY_UIApplicationSceneManifest_Generation[sdk=iphonesimulator*]" = YES;
				"INFOPLIST_KEY_UIApplicationSupportsIndirectInputEvents[sdk=iphoneos*]" = YES;
				"INFOPLIST_KEY_UIApplicationSupportsIndirectInputEvents[sdk=iphonesimulator*]" = YES;
				"INFOPLIST_KEY_UILaunchScreen_Generation[sdk=iphoneos*]" = YES;
				"INFOPLIST_KEY_UILaunchScreen_Generation[sdk=iphonesimulator*]" = YES;
				"INFOPLIST_KEY_UIStatusBarStyle[sdk=iphoneos*]" = UIStatusBarStyleDefault;
				"INFOPLIST_KEY_UIStatusBarStyle[sdk=iphonesimulator*]" = UIStatusBarStyleDefault;
				INFOPLIST_KEY_UISupportedInterfaceOrientations_iPad = "UIInterfaceOrientationPortrait UIInterfaceOrientationPortraitUpsideDown UIInterfaceOrientationLandscapeLeft UIInterfaceOrientationLandscapeRight";
				INFOPLIST_KEY_UISupportedInterfaceOrientations_iPhone = "UIInterfaceOrientationPortrait UIInterfaceOrientationLandscapeLeft UIInterfaceOrientationLandscapeRight";
				IPHONEOS_DEPLOYMENT_TARGET = 17.0;
				LD_RUNPATH_SEARCH_PATHS = "@executable_path/Frameworks";
				"LD_RUNPATH_SEARCH_PATHS[sdk=macosx*]" = "@executable_path/../Frameworks";
				MACOSX_DEPLOYMENT_TARGET = 14.0;
				MARKETING_VERSION = 1.0;
				PRODUCT_BUNDLE_IDENTIFIER = com.windup.highpitch;
				PRODUCT_NAME = "$(TARGET_NAME)";
				PROVISIONING_PROFILE_SPECIFIER = "";
				"PROVISIONING_PROFILE_SPECIFIER[sdk=iphoneos*]" = "highpitch ios debug";
				"PROVISIONING_PROFILE_SPECIFIER[sdk=macosx*]" = "highpitch mac debug";
				SDKROOT = auto;
				SUPPORTED_PLATFORMS = "iphoneos iphonesimulator macosx";
				SWIFT_EMIT_LOC_STRINGS = YES;
				SWIFT_VERSION = 5.0;
				TARGETED_DEVICE_FAMILY = "1,2";
			};
			name = Debug;
		};
		1DF659B02AD594BF00AE5601 /* Release */ = {
			isa = XCBuildConfiguration;
			buildSettings = {
				ASSETCATALOG_COMPILER_APPICON_NAME = AppIcon;
				ASSETCATALOG_COMPILER_GLOBAL_ACCENT_COLOR_NAME = AccentColor;
				CODE_SIGN_ENTITLEMENTS = highpitch/App/highpitch.entitlements;
				"CODE_SIGN_IDENTITY[sdk=macosx*]" = "Mac Developer";
				CODE_SIGN_STYLE = Manual;
				CURRENT_PROJECT_VERSION = 1;
				DEVELOPMENT_ASSET_PATHS = "\"highpitch/App/Preview Content\"";
				DEVELOPMENT_TEAM = "";
				"DEVELOPMENT_TEAM[sdk=iphoneos*]" = V7Y39HNV38;
				"DEVELOPMENT_TEAM[sdk=macosx*]" = V7Y39HNV38;
				ENABLE_HARDENED_RUNTIME = YES;
				"ENABLE_HARDENED_RUNTIME[sdk=macosx*]" = YES;
				ENABLE_PREVIEWS = YES;
				GENERATE_INFOPLIST_FILE = YES;
				INFOPLIST_FILE = highpitch/App/Info.plist;
				INFOPLIST_KEY_NSAppleEventsUsageDescription = "";
				"INFOPLIST_KEY_UIApplicationSceneManifest_Generation[sdk=iphoneos*]" = YES;
				"INFOPLIST_KEY_UIApplicationSceneManifest_Generation[sdk=iphonesimulator*]" = YES;
				"INFOPLIST_KEY_UIApplicationSupportsIndirectInputEvents[sdk=iphoneos*]" = YES;
				"INFOPLIST_KEY_UIApplicationSupportsIndirectInputEvents[sdk=iphonesimulator*]" = YES;
				"INFOPLIST_KEY_UILaunchScreen_Generation[sdk=iphoneos*]" = YES;
				"INFOPLIST_KEY_UILaunchScreen_Generation[sdk=iphonesimulator*]" = YES;
				"INFOPLIST_KEY_UIStatusBarStyle[sdk=iphoneos*]" = UIStatusBarStyleDefault;
				"INFOPLIST_KEY_UIStatusBarStyle[sdk=iphonesimulator*]" = UIStatusBarStyleDefault;
				INFOPLIST_KEY_UISupportedInterfaceOrientations_iPad = "UIInterfaceOrientationPortrait UIInterfaceOrientationPortraitUpsideDown UIInterfaceOrientationLandscapeLeft UIInterfaceOrientationLandscapeRight";
				INFOPLIST_KEY_UISupportedInterfaceOrientations_iPhone = "UIInterfaceOrientationPortrait UIInterfaceOrientationLandscapeLeft UIInterfaceOrientationLandscapeRight";
				IPHONEOS_DEPLOYMENT_TARGET = 17.0;
				LD_RUNPATH_SEARCH_PATHS = "@executable_path/Frameworks";
				"LD_RUNPATH_SEARCH_PATHS[sdk=macosx*]" = "@executable_path/../Frameworks";
				MACOSX_DEPLOYMENT_TARGET = 14.0;
				MARKETING_VERSION = 1.0;
				PRODUCT_BUNDLE_IDENTIFIER = com.windup.highpitch;
				PRODUCT_NAME = "$(TARGET_NAME)";
				PROVISIONING_PROFILE_SPECIFIER = "";
				"PROVISIONING_PROFILE_SPECIFIER[sdk=iphoneos*]" = "highpitch ios debug";
				"PROVISIONING_PROFILE_SPECIFIER[sdk=macosx*]" = "highpitch mac debug";
				SDKROOT = auto;
				SUPPORTED_PLATFORMS = "iphoneos iphonesimulator macosx";
				SWIFT_EMIT_LOC_STRINGS = YES;
				SWIFT_VERSION = 5.0;
				TARGETED_DEVICE_FAMILY = "1,2";
			};
			name = Release;
		};
		1DF659B22AD594BF00AE5601 /* Debug */ = {
			isa = XCBuildConfiguration;
			buildSettings = {
				ALWAYS_EMBED_SWIFT_STANDARD_LIBRARIES = YES;
				BUNDLE_LOADER = "$(TEST_HOST)";
				CODE_SIGN_STYLE = Automatic;
				CURRENT_PROJECT_VERSION = 1;
				DEVELOPMENT_TEAM = V7Y39HNV38;
				GENERATE_INFOPLIST_FILE = YES;
				IPHONEOS_DEPLOYMENT_TARGET = 17.0;
				MACOSX_DEPLOYMENT_TARGET = 14.0;
				MARKETING_VERSION = 1.0;
				PRODUCT_BUNDLE_IDENTIFIER = yuncoffee.highpitchTests;
				PRODUCT_NAME = "$(TARGET_NAME)";
				SDKROOT = auto;
				SUPPORTED_PLATFORMS = "iphoneos iphonesimulator macosx";
				SWIFT_EMIT_LOC_STRINGS = NO;
				SWIFT_VERSION = 5.0;
				TARGETED_DEVICE_FAMILY = "1,2";
				TEST_HOST = "$(BUILT_PRODUCTS_DIR)/highpitch.app/$(BUNDLE_EXECUTABLE_FOLDER_PATH)/highpitch";
			};
			name = Debug;
		};
		1DF659B32AD594BF00AE5601 /* Release */ = {
			isa = XCBuildConfiguration;
			buildSettings = {
				ALWAYS_EMBED_SWIFT_STANDARD_LIBRARIES = YES;
				BUNDLE_LOADER = "$(TEST_HOST)";
				CODE_SIGN_STYLE = Automatic;
				CURRENT_PROJECT_VERSION = 1;
				DEVELOPMENT_TEAM = V7Y39HNV38;
				GENERATE_INFOPLIST_FILE = YES;
				IPHONEOS_DEPLOYMENT_TARGET = 17.0;
				MACOSX_DEPLOYMENT_TARGET = 14.0;
				MARKETING_VERSION = 1.0;
				PRODUCT_BUNDLE_IDENTIFIER = yuncoffee.highpitchTests;
				PRODUCT_NAME = "$(TARGET_NAME)";
				SDKROOT = auto;
				SUPPORTED_PLATFORMS = "iphoneos iphonesimulator macosx";
				SWIFT_EMIT_LOC_STRINGS = NO;
				SWIFT_VERSION = 5.0;
				TARGETED_DEVICE_FAMILY = "1,2";
				TEST_HOST = "$(BUILT_PRODUCTS_DIR)/highpitch.app/$(BUNDLE_EXECUTABLE_FOLDER_PATH)/highpitch";
			};
			name = Release;
		};
		1DF659B52AD594BF00AE5601 /* Debug */ = {
			isa = XCBuildConfiguration;
			buildSettings = {
				ALWAYS_EMBED_SWIFT_STANDARD_LIBRARIES = YES;
				CODE_SIGN_STYLE = Automatic;
				CURRENT_PROJECT_VERSION = 1;
				DEVELOPMENT_TEAM = V7Y39HNV38;
				GENERATE_INFOPLIST_FILE = YES;
				IPHONEOS_DEPLOYMENT_TARGET = 17.0;
				MACOSX_DEPLOYMENT_TARGET = 14.0;
				MARKETING_VERSION = 1.0;
				PRODUCT_BUNDLE_IDENTIFIER = yuncoffee.highpitchUITests;
				PRODUCT_NAME = "$(TARGET_NAME)";
				SDKROOT = auto;
				SUPPORTED_PLATFORMS = "iphoneos iphonesimulator macosx";
				SWIFT_EMIT_LOC_STRINGS = NO;
				SWIFT_VERSION = 5.0;
				TARGETED_DEVICE_FAMILY = "1,2";
				TEST_TARGET_NAME = highpitch;
			};
			name = Debug;
		};
		1DF659B62AD594BF00AE5601 /* Release */ = {
			isa = XCBuildConfiguration;
			buildSettings = {
				ALWAYS_EMBED_SWIFT_STANDARD_LIBRARIES = YES;
				CODE_SIGN_STYLE = Automatic;
				CURRENT_PROJECT_VERSION = 1;
				DEVELOPMENT_TEAM = V7Y39HNV38;
				GENERATE_INFOPLIST_FILE = YES;
				IPHONEOS_DEPLOYMENT_TARGET = 17.0;
				MACOSX_DEPLOYMENT_TARGET = 14.0;
				MARKETING_VERSION = 1.0;
				PRODUCT_BUNDLE_IDENTIFIER = yuncoffee.highpitchUITests;
				PRODUCT_NAME = "$(TARGET_NAME)";
				SDKROOT = auto;
				SUPPORTED_PLATFORMS = "iphoneos iphonesimulator macosx";
				SWIFT_EMIT_LOC_STRINGS = NO;
				SWIFT_VERSION = 5.0;
				TARGETED_DEVICE_FAMILY = "1,2";
				TEST_TARGET_NAME = highpitch;
			};
			name = Release;
		};
/* End XCBuildConfiguration section */

/* Begin XCConfigurationList section */
		1DF659812AD594BD00AE5601 /* Build configuration list for PBXProject "highpitch" */ = {
			isa = XCConfigurationList;
			buildConfigurations = (
				1DF659AC2AD594BF00AE5601 /* Debug */,
				1DF659AD2AD594BF00AE5601 /* Release */,
			);
			defaultConfigurationIsVisible = 0;
			defaultConfigurationName = Release;
		};
		1DF659AE2AD594BF00AE5601 /* Build configuration list for PBXNativeTarget "highpitch" */ = {
			isa = XCConfigurationList;
			buildConfigurations = (
				1DF659AF2AD594BF00AE5601 /* Debug */,
				1DF659B02AD594BF00AE5601 /* Release */,
			);
			defaultConfigurationIsVisible = 0;
			defaultConfigurationName = Release;
		};
		1DF659B12AD594BF00AE5601 /* Build configuration list for PBXNativeTarget "highpitchTests" */ = {
			isa = XCConfigurationList;
			buildConfigurations = (
				1DF659B22AD594BF00AE5601 /* Debug */,
				1DF659B32AD594BF00AE5601 /* Release */,
			);
			defaultConfigurationIsVisible = 0;
			defaultConfigurationName = Release;
		};
		1DF659B42AD594BF00AE5601 /* Build configuration list for PBXNativeTarget "highpitchUITests" */ = {
			isa = XCConfigurationList;
			buildConfigurations = (
				1DF659B52AD594BF00AE5601 /* Debug */,
				1DF659B62AD594BF00AE5601 /* Release */,
			);
			defaultConfigurationIsVisible = 0;
			defaultConfigurationName = Release;
		};
/* End XCConfigurationList section */
	};
	rootObject = 1DF6597E2AD594BD00AE5601 /* Project object */;
}
