// !$*UTF8*$!
{
	archiveVersion = 1;
	classes = {
	};
	objectVersion = 56;
	objects = {

/* Begin PBXBuildFile section */
		A902BCF12AAF3769006DCA63 /* HighpitchApp.swift in Sources */ = {isa = PBXBuildFile; fileRef = A902BCF02AAF3769006DCA63 /* HighpitchApp.swift */; };
		A902BCF52AAF376B006DCA63 /* Assets.xcassets in Resources */ = {isa = PBXBuildFile; fileRef = A902BCF42AAF376B006DCA63 /* Assets.xcassets */; };
		A902BCF92AAF376B006DCA63 /* Preview Assets.xcassets in Resources */ = {isa = PBXBuildFile; fileRef = A902BCF82AAF376B006DCA63 /* Preview Assets.xcassets */; };
		A902BD032AAF376B006DCA63 /* HighpitchTests.swift in Sources */ = {isa = PBXBuildFile; fileRef = A902BD022AAF376B006DCA63 /* HighpitchTests.swift */; };
		A902BD0D2AAF376B006DCA63 /* HighpitchUITests.swift in Sources */ = {isa = PBXBuildFile; fileRef = A902BD0C2AAF376B006DCA63 /* HighpitchUITests.swift */; };
		A902BD0F2AAF376B006DCA63 /* HighpitchUITestsLaunchTests.swift in Sources */ = {isa = PBXBuildFile; fileRef = A902BD0E2AAF376B006DCA63 /* HighpitchUITestsLaunchTests.swift */; };
		A902BD1F2AAF3CC5006DCA63 /* .swiftlint.yml in Resources */ = {isa = PBXBuildFile; fileRef = A902BD1E2AAF3CC5006DCA63 /* .swiftlint.yml */; };
		A94334092ABA984700FC00D9 /* PresentationView.swift in Sources */ = {isa = PBXBuildFile; fileRef = A94334082ABA984700FC00D9 /* PresentationView.swift */; };
		A943340E2ABA986700FC00D9 /* ProjectModel.swift in Sources */ = {isa = PBXBuildFile; fileRef = A943340D2ABA986700FC00D9 /* ProjectModel.swift */; };
		A94334102ABA98B200FC00D9 /* HomeView.swift in Sources */ = {isa = PBXBuildFile; fileRef = A943340F2ABA98B200FC00D9 /* HomeView.swift */; };
		A94334132ABA9C9B00FC00D9 /* RecordView.swift in Sources */ = {isa = PBXBuildFile; fileRef = A94334122ABA9C9B00FC00D9 /* RecordView.swift */; };
		A94334152ABB3DF400FC00D9 /* ProjectView.swift in Sources */ = {isa = PBXBuildFile; fileRef = A94334142ABB3DF400FC00D9 /* ProjectView.swift */; };
		A999B02B2AAF59670012AA3E /* ContentView.swift in Sources */ = {isa = PBXBuildFile; fileRef = A999B02A2AAF59670012AA3E /* ContentView.swift */; };
/* End PBXBuildFile section */

/* Begin PBXContainerItemProxy section */
		A902BCFF2AAF376B006DCA63 /* PBXContainerItemProxy */ = {
			isa = PBXContainerItemProxy;
			containerPortal = A902BCE52AAF3769006DCA63 /* Project object */;
			proxyType = 1;
			remoteGlobalIDString = A902BCEC2AAF3769006DCA63;
			remoteInfo = highpitch;
		};
		A902BD092AAF376B006DCA63 /* PBXContainerItemProxy */ = {
			isa = PBXContainerItemProxy;
			containerPortal = A902BCE52AAF3769006DCA63 /* Project object */;
			proxyType = 1;
			remoteGlobalIDString = A902BCEC2AAF3769006DCA63;
			remoteInfo = highpitch;
		};
/* End PBXContainerItemProxy section */

/* Begin PBXFileReference section */
		A902BCED2AAF3769006DCA63 /* Highpitch.app */ = {isa = PBXFileReference; explicitFileType = wrapper.application; includeInIndex = 0; path = Highpitch.app; sourceTree = BUILT_PRODUCTS_DIR; };
		A902BCF02AAF3769006DCA63 /* HighpitchApp.swift */ = {isa = PBXFileReference; lastKnownFileType = sourcecode.swift; path = HighpitchApp.swift; sourceTree = "<group>"; };
		A902BCF42AAF376B006DCA63 /* Assets.xcassets */ = {isa = PBXFileReference; lastKnownFileType = folder.assetcatalog; path = Assets.xcassets; sourceTree = "<group>"; };
		A902BCF62AAF376B006DCA63 /* Highpitch.entitlements */ = {isa = PBXFileReference; lastKnownFileType = text.plist.entitlements; path = Highpitch.entitlements; sourceTree = "<group>"; };
		A902BCF82AAF376B006DCA63 /* Preview Assets.xcassets */ = {isa = PBXFileReference; lastKnownFileType = folder.assetcatalog; path = "Preview Assets.xcassets"; sourceTree = "<group>"; };
		A902BCFE2AAF376B006DCA63 /* HighpitchTests.xctest */ = {isa = PBXFileReference; explicitFileType = wrapper.cfbundle; includeInIndex = 0; path = HighpitchTests.xctest; sourceTree = BUILT_PRODUCTS_DIR; };
		A902BD022AAF376B006DCA63 /* HighpitchTests.swift */ = {isa = PBXFileReference; lastKnownFileType = sourcecode.swift; path = HighpitchTests.swift; sourceTree = "<group>"; };
		A902BD082AAF376B006DCA63 /* HighpitchUITests.xctest */ = {isa = PBXFileReference; explicitFileType = wrapper.cfbundle; includeInIndex = 0; path = HighpitchUITests.xctest; sourceTree = BUILT_PRODUCTS_DIR; };
		A902BD0C2AAF376B006DCA63 /* HighpitchUITests.swift */ = {isa = PBXFileReference; lastKnownFileType = sourcecode.swift; path = HighpitchUITests.swift; sourceTree = "<group>"; };
		A902BD0E2AAF376B006DCA63 /* HighpitchUITestsLaunchTests.swift */ = {isa = PBXFileReference; lastKnownFileType = sourcecode.swift; path = HighpitchUITestsLaunchTests.swift; sourceTree = "<group>"; };
		A902BD1E2AAF3CC5006DCA63 /* .swiftlint.yml */ = {isa = PBXFileReference; lastKnownFileType = text.yaml; path = .swiftlint.yml; sourceTree = "<group>"; };
		A94334082ABA984700FC00D9 /* PresentationView.swift */ = {isa = PBXFileReference; lastKnownFileType = sourcecode.swift; path = PresentationView.swift; sourceTree = "<group>"; };
		A943340D2ABA986700FC00D9 /* ProjectModel.swift */ = {isa = PBXFileReference; lastKnownFileType = sourcecode.swift; path = ProjectModel.swift; sourceTree = "<group>"; };
		A943340F2ABA98B200FC00D9 /* HomeView.swift */ = {isa = PBXFileReference; lastKnownFileType = sourcecode.swift; path = HomeView.swift; sourceTree = "<group>"; };
		A94334122ABA9C9B00FC00D9 /* RecordView.swift */ = {isa = PBXFileReference; lastKnownFileType = sourcecode.swift; path = RecordView.swift; sourceTree = "<group>"; };
		A94334142ABB3DF400FC00D9 /* ProjectView.swift */ = {isa = PBXFileReference; lastKnownFileType = sourcecode.swift; path = ProjectView.swift; sourceTree = "<group>"; };
		A999B02A2AAF59670012AA3E /* ContentView.swift */ = {isa = PBXFileReference; lastKnownFileType = sourcecode.swift; path = ContentView.swift; sourceTree = "<group>"; };
/* End PBXFileReference section */

/* Begin PBXFrameworksBuildPhase section */
		A902BCEA2AAF3769006DCA63 /* Frameworks */ = {
			isa = PBXFrameworksBuildPhase;
			buildActionMask = 2147483647;
			files = (
			);
			runOnlyForDeploymentPostprocessing = 0;
		};
		A902BCFB2AAF376B006DCA63 /* Frameworks */ = {
			isa = PBXFrameworksBuildPhase;
			buildActionMask = 2147483647;
			files = (
			);
			runOnlyForDeploymentPostprocessing = 0;
		};
		A902BD052AAF376B006DCA63 /* Frameworks */ = {
			isa = PBXFrameworksBuildPhase;
			buildActionMask = 2147483647;
			files = (
			);
			runOnlyForDeploymentPostprocessing = 0;
		};
/* End PBXFrameworksBuildPhase section */

/* Begin PBXGroup section */
		A902BCE42AAF3769006DCA63 = {
			isa = PBXGroup;
			children = (
				A902BD1E2AAF3CC5006DCA63 /* .swiftlint.yml */,
				A902BCEF2AAF3769006DCA63 /* Highpitch */,
				A902BD012AAF376B006DCA63 /* HighpitchTests */,
				A902BD0B2AAF376B006DCA63 /* HighpitchUITests */,
				A902BCEE2AAF3769006DCA63 /* Products */,
			);
			sourceTree = "<group>";
		};
		A902BCEE2AAF3769006DCA63 /* Products */ = {
			isa = PBXGroup;
			children = (
				A902BCED2AAF3769006DCA63 /* Highpitch.app */,
				A902BCFE2AAF376B006DCA63 /* HighpitchTests.xctest */,
				A902BD082AAF376B006DCA63 /* HighpitchUITests.xctest */,
			);
			name = Products;
			sourceTree = "<group>";
		};
		A902BCEF2AAF3769006DCA63 /* Highpitch */ = {
			isa = PBXGroup;
			children = (
				A94334042ABA97E400FC00D9 /* Models */,
				A94334032ABA97DC00FC00D9 /* Views */,
				A94334022ABA97C600FC00D9 /* App */,
				A902BCF42AAF376B006DCA63 /* Assets.xcassets */,
			);
			path = Highpitch;
			sourceTree = "<group>";
		};
		A902BCF72AAF376B006DCA63 /* Preview Content */ = {
			isa = PBXGroup;
			children = (
				A902BCF82AAF376B006DCA63 /* Preview Assets.xcassets */,
			);
			path = "Preview Content";
			sourceTree = "<group>";
		};
		A902BD012AAF376B006DCA63 /* HighpitchTests */ = {
			isa = PBXGroup;
			children = (
				A902BD022AAF376B006DCA63 /* HighpitchTests.swift */,
			);
			path = HighpitchTests;
			sourceTree = "<group>";
		};
		A902BD0B2AAF376B006DCA63 /* HighpitchUITests */ = {
			isa = PBXGroup;
			children = (
				A902BD0C2AAF376B006DCA63 /* HighpitchUITests.swift */,
				A902BD0E2AAF376B006DCA63 /* HighpitchUITestsLaunchTests.swift */,
			);
			path = HighpitchUITests;
			sourceTree = "<group>";
		};
		A94334022ABA97C600FC00D9 /* App */ = {
			isa = PBXGroup;
			children = (
				A902BCF62AAF376B006DCA63 /* Highpitch.entitlements */,
				A902BCF02AAF3769006DCA63 /* HighpitchApp.swift */,
				A902BCF72AAF376B006DCA63 /* Preview Content */,
				A999B02A2AAF59670012AA3E /* ContentView.swift */,
			);
			path = App;
			sourceTree = "<group>";
		};
		A94334032ABA97DC00FC00D9 /* Views */ = {
			isa = PBXGroup;
			children = (
				A94334062ABA980200FC00D9 /* Project */,
				A94334052ABA97F300FC00D9 /* Home */,
			);
			path = Views;
			sourceTree = "<group>";
		};
		A94334042ABA97E400FC00D9 /* Models */ = {
			isa = PBXGroup;
			children = (
				A943340C2ABA985A00FC00D9 /* Project */,
			);
			path = Models;
			sourceTree = "<group>";
		};
		A94334052ABA97F300FC00D9 /* Home */ = {
			isa = PBXGroup;
			children = (
				A943340F2ABA98B200FC00D9 /* HomeView.swift */,
			);
			path = Home;
			sourceTree = "<group>";
		};
		A94334062ABA980200FC00D9 /* Project */ = {
			isa = PBXGroup;
			children = (
				A94334112ABA9C6C00FC00D9 /* Record */,
				A94334072ABA982F00FC00D9 /* Presentation */,
				A94334142ABB3DF400FC00D9 /* ProjectView.swift */,
			);
			path = Project;
			sourceTree = "<group>";
		};
		A94334072ABA982F00FC00D9 /* Presentation */ = {
			isa = PBXGroup;
			children = (
				A94334082ABA984700FC00D9 /* PresentationView.swift */,
			);
			path = Presentation;
			sourceTree = "<group>";
		};
		A943340C2ABA985A00FC00D9 /* Project */ = {
			isa = PBXGroup;
			children = (
				A943340D2ABA986700FC00D9 /* ProjectModel.swift */,
			);
			path = Project;
			sourceTree = "<group>";
		};
		A94334112ABA9C6C00FC00D9 /* Record */ = {
			isa = PBXGroup;
			children = (
				A94334122ABA9C9B00FC00D9 /* RecordView.swift */,
			);
			path = Record;
			sourceTree = "<group>";
		};
/* End PBXGroup section */

/* Begin PBXNativeTarget section */
		A902BCEC2AAF3769006DCA63 /* Highpitch */ = {
			isa = PBXNativeTarget;
			buildConfigurationList = A902BD122AAF376B006DCA63 /* Build configuration list for PBXNativeTarget "Highpitch" */;
			buildPhases = (
				A902BD1B2AAF3C36006DCA63 /* Swift Lint */,
				A902BCE92AAF3769006DCA63 /* Sources */,
				A902BCEA2AAF3769006DCA63 /* Frameworks */,
				A902BCEB2AAF3769006DCA63 /* Resources */,
			);
			buildRules = (
			);
			dependencies = (
			);
			name = Highpitch;
			productName = highpitch;
			productReference = A902BCED2AAF3769006DCA63 /* Highpitch.app */;
			productType = "com.apple.product-type.application";
		};
		A902BCFD2AAF376B006DCA63 /* HighpitchTests */ = {
			isa = PBXNativeTarget;
			buildConfigurationList = A902BD152AAF376B006DCA63 /* Build configuration list for PBXNativeTarget "HighpitchTests" */;
			buildPhases = (
				A902BCFA2AAF376B006DCA63 /* Sources */,
				A902BCFB2AAF376B006DCA63 /* Frameworks */,
				A902BCFC2AAF376B006DCA63 /* Resources */,
			);
			buildRules = (
			);
			dependencies = (
				A902BD002AAF376B006DCA63 /* PBXTargetDependency */,
			);
			name = HighpitchTests;
			productName = highpitchTests;
			productReference = A902BCFE2AAF376B006DCA63 /* HighpitchTests.xctest */;
			productType = "com.apple.product-type.bundle.unit-test";
		};
		A902BD072AAF376B006DCA63 /* HighpitchUITests */ = {
			isa = PBXNativeTarget;
			buildConfigurationList = A902BD182AAF376B006DCA63 /* Build configuration list for PBXNativeTarget "HighpitchUITests" */;
			buildPhases = (
				A902BD042AAF376B006DCA63 /* Sources */,
				A902BD052AAF376B006DCA63 /* Frameworks */,
				A902BD062AAF376B006DCA63 /* Resources */,
			);
			buildRules = (
			);
			dependencies = (
				A902BD0A2AAF376B006DCA63 /* PBXTargetDependency */,
			);
			name = HighpitchUITests;
			productName = highpitchUITests;
			productReference = A902BD082AAF376B006DCA63 /* HighpitchUITests.xctest */;
			productType = "com.apple.product-type.bundle.ui-testing";
		};
/* End PBXNativeTarget section */

/* Begin PBXProject section */
		A902BCE52AAF3769006DCA63 /* Project object */ = {
			isa = PBXProject;
			attributes = {
				BuildIndependentTargetsInParallel = 1;
				LastSwiftUpdateCheck = 1430;
				LastUpgradeCheck = 1430;
				TargetAttributes = {
					A902BCEC2AAF3769006DCA63 = {
						CreatedOnToolsVersion = 14.3;
					};
					A902BCFD2AAF376B006DCA63 = {
						CreatedOnToolsVersion = 14.3;
						TestTargetID = A902BCEC2AAF3769006DCA63;
					};
					A902BD072AAF376B006DCA63 = {
						CreatedOnToolsVersion = 14.3;
						TestTargetID = A902BCEC2AAF3769006DCA63;
					};
				};
			};
			buildConfigurationList = A902BCE82AAF3769006DCA63 /* Build configuration list for PBXProject "Highpitch" */;
			compatibilityVersion = "Xcode 14.0";
			developmentRegion = en;
			hasScannedForEncodings = 0;
			knownRegions = (
				en,
				Base,
			);
			mainGroup = A902BCE42AAF3769006DCA63;
			productRefGroup = A902BCEE2AAF3769006DCA63 /* Products */;
			projectDirPath = "";
			projectRoot = "";
			targets = (
				A902BCEC2AAF3769006DCA63 /* Highpitch */,
				A902BCFD2AAF376B006DCA63 /* HighpitchTests */,
				A902BD072AAF376B006DCA63 /* HighpitchUITests */,
			);
		};
/* End PBXProject section */

/* Begin PBXResourcesBuildPhase section */
		A902BCEB2AAF3769006DCA63 /* Resources */ = {
			isa = PBXResourcesBuildPhase;
			buildActionMask = 2147483647;
			files = (
				A902BD1F2AAF3CC5006DCA63 /* .swiftlint.yml in Resources */,
				A902BCF92AAF376B006DCA63 /* Preview Assets.xcassets in Resources */,
				A902BCF52AAF376B006DCA63 /* Assets.xcassets in Resources */,
			);
			runOnlyForDeploymentPostprocessing = 0;
		};
		A902BCFC2AAF376B006DCA63 /* Resources */ = {
			isa = PBXResourcesBuildPhase;
			buildActionMask = 2147483647;
			files = (
			);
			runOnlyForDeploymentPostprocessing = 0;
		};
		A902BD062AAF376B006DCA63 /* Resources */ = {
			isa = PBXResourcesBuildPhase;
			buildActionMask = 2147483647;
			files = (
			);
			runOnlyForDeploymentPostprocessing = 0;
		};
/* End PBXResourcesBuildPhase section */

/* Begin PBXShellScriptBuildPhase section */
		A902BD1B2AAF3C36006DCA63 /* Swift Lint */ = {
			isa = PBXShellScriptBuildPhase;
			alwaysOutOfDate = 1;
			buildActionMask = 2147483647;
			files = (
			);
			inputFileListPaths = (
			);
			inputPaths = (
			);
			name = "Swift Lint";
			outputFileListPaths = (
			);
			outputPaths = (
			);
			runOnlyForDeploymentPostprocessing = 0;
			shellPath = /bin/sh;
			shellScript = "if [[ \"$(uname -m)\" == arm64 ]]; then\n    export PATH=\"/opt/homebrew/bin:$PATH\"\nfi\n\nif which swiftlint > /dev/null; then\n  swiftlint\nelse\n  echo \"warning: SwiftLint not installed, download from https://github.com/realm/SwiftLint\"\nfi\n";
		};
/* End PBXShellScriptBuildPhase section */

/* Begin PBXSourcesBuildPhase section */
		A902BCE92AAF3769006DCA63 /* Sources */ = {
			isa = PBXSourcesBuildPhase;
			buildActionMask = 2147483647;
			files = (
				A999B02B2AAF59670012AA3E /* ContentView.swift in Sources */,
				A94334132ABA9C9B00FC00D9 /* RecordView.swift in Sources */,
				A902BCF12AAF3769006DCA63 /* HighpitchApp.swift in Sources */,
				A943340E2ABA986700FC00D9 /* ProjectModel.swift in Sources */,
				A94334152ABB3DF400FC00D9 /* ProjectView.swift in Sources */,
				A94334102ABA98B200FC00D9 /* HomeView.swift in Sources */,
				A94334092ABA984700FC00D9 /* PresentationView.swift in Sources */,
			);
			runOnlyForDeploymentPostprocessing = 0;
		};
		A902BCFA2AAF376B006DCA63 /* Sources */ = {
			isa = PBXSourcesBuildPhase;
			buildActionMask = 2147483647;
			files = (
				A902BD032AAF376B006DCA63 /* HighpitchTests.swift in Sources */,
			);
			runOnlyForDeploymentPostprocessing = 0;
		};
		A902BD042AAF376B006DCA63 /* Sources */ = {
			isa = PBXSourcesBuildPhase;
			buildActionMask = 2147483647;
			files = (
				A902BD0D2AAF376B006DCA63 /* HighpitchUITests.swift in Sources */,
				A902BD0F2AAF376B006DCA63 /* HighpitchUITestsLaunchTests.swift in Sources */,
			);
			runOnlyForDeploymentPostprocessing = 0;
		};
/* End PBXSourcesBuildPhase section */

/* Begin PBXTargetDependency section */
		A902BD002AAF376B006DCA63 /* PBXTargetDependency */ = {
			isa = PBXTargetDependency;
			target = A902BCEC2AAF3769006DCA63 /* Highpitch */;
			targetProxy = A902BCFF2AAF376B006DCA63 /* PBXContainerItemProxy */;
		};
		A902BD0A2AAF376B006DCA63 /* PBXTargetDependency */ = {
			isa = PBXTargetDependency;
			target = A902BCEC2AAF3769006DCA63 /* Highpitch */;
			targetProxy = A902BD092AAF376B006DCA63 /* PBXContainerItemProxy */;
		};
/* End PBXTargetDependency section */

/* Begin XCBuildConfiguration section */
		A902BD102AAF376B006DCA63 /* Debug */ = {
			isa = XCBuildConfiguration;
			buildSettings = {
				ALWAYS_SEARCH_USER_PATHS = NO;
				CLANG_ANALYZER_NONNULL = YES;
				CLANG_ANALYZER_NUMBER_OBJECT_CONVERSION = YES_AGGRESSIVE;
				CLANG_CXX_LANGUAGE_STANDARD = "gnu++20";
				CLANG_ENABLE_MODULES = YES;
				CLANG_ENABLE_OBJC_ARC = YES;
				CLANG_ENABLE_OBJC_WEAK = YES;
				CLANG_WARN_BLOCK_CAPTURE_AUTORELEASING = YES;
				CLANG_WARN_BOOL_CONVERSION = YES;
				CLANG_WARN_COMMA = YES;
				CLANG_WARN_CONSTANT_CONVERSION = YES;
				CLANG_WARN_DEPRECATED_OBJC_IMPLEMENTATIONS = YES;
				CLANG_WARN_DIRECT_OBJC_ISA_USAGE = YES_ERROR;
				CLANG_WARN_DOCUMENTATION_COMMENTS = YES;
				CLANG_WARN_EMPTY_BODY = YES;
				CLANG_WARN_ENUM_CONVERSION = YES;
				CLANG_WARN_INFINITE_RECURSION = YES;
				CLANG_WARN_INT_CONVERSION = YES;
				CLANG_WARN_NON_LITERAL_NULL_CONVERSION = YES;
				CLANG_WARN_OBJC_IMPLICIT_RETAIN_SELF = YES;
				CLANG_WARN_OBJC_LITERAL_CONVERSION = YES;
				CLANG_WARN_OBJC_ROOT_CLASS = YES_ERROR;
				CLANG_WARN_QUOTED_INCLUDE_IN_FRAMEWORK_HEADER = YES;
				CLANG_WARN_RANGE_LOOP_ANALYSIS = YES;
				CLANG_WARN_STRICT_PROTOTYPES = YES;
				CLANG_WARN_SUSPICIOUS_MOVE = YES;
				CLANG_WARN_UNGUARDED_AVAILABILITY = YES_AGGRESSIVE;
				CLANG_WARN_UNREACHABLE_CODE = YES;
				CLANG_WARN__DUPLICATE_METHOD_MATCH = YES;
				COPY_PHASE_STRIP = NO;
				DEBUG_INFORMATION_FORMAT = dwarf;
				ENABLE_STRICT_OBJC_MSGSEND = YES;
				ENABLE_TESTABILITY = YES;
				GCC_C_LANGUAGE_STANDARD = gnu11;
				GCC_DYNAMIC_NO_PIC = NO;
				GCC_NO_COMMON_BLOCKS = YES;
				GCC_OPTIMIZATION_LEVEL = 0;
				GCC_PREPROCESSOR_DEFINITIONS = (
					"DEBUG=1",
					"$(inherited)",
				);
				GCC_WARN_64_TO_32_BIT_CONVERSION = YES;
				GCC_WARN_ABOUT_RETURN_TYPE = YES_ERROR;
				GCC_WARN_UNDECLARED_SELECTOR = YES;
				GCC_WARN_UNINITIALIZED_AUTOS = YES_AGGRESSIVE;
				GCC_WARN_UNUSED_FUNCTION = YES;
				GCC_WARN_UNUSED_VARIABLE = YES;
				MTL_ENABLE_DEBUG_INFO = INCLUDE_SOURCE;
				MTL_FAST_MATH = YES;
				ONLY_ACTIVE_ARCH = YES;
				SWIFT_ACTIVE_COMPILATION_CONDITIONS = DEBUG;
				SWIFT_OPTIMIZATION_LEVEL = "-Onone";
			};
			name = Debug;
		};
		A902BD112AAF376B006DCA63 /* Release */ = {
			isa = XCBuildConfiguration;
			buildSettings = {
				ALWAYS_SEARCH_USER_PATHS = NO;
				CLANG_ANALYZER_NONNULL = YES;
				CLANG_ANALYZER_NUMBER_OBJECT_CONVERSION = YES_AGGRESSIVE;
				CLANG_CXX_LANGUAGE_STANDARD = "gnu++20";
				CLANG_ENABLE_MODULES = YES;
				CLANG_ENABLE_OBJC_ARC = YES;
				CLANG_ENABLE_OBJC_WEAK = YES;
				CLANG_WARN_BLOCK_CAPTURE_AUTORELEASING = YES;
				CLANG_WARN_BOOL_CONVERSION = YES;
				CLANG_WARN_COMMA = YES;
				CLANG_WARN_CONSTANT_CONVERSION = YES;
				CLANG_WARN_DEPRECATED_OBJC_IMPLEMENTATIONS = YES;
				CLANG_WARN_DIRECT_OBJC_ISA_USAGE = YES_ERROR;
				CLANG_WARN_DOCUMENTATION_COMMENTS = YES;
				CLANG_WARN_EMPTY_BODY = YES;
				CLANG_WARN_ENUM_CONVERSION = YES;
				CLANG_WARN_INFINITE_RECURSION = YES;
				CLANG_WARN_INT_CONVERSION = YES;
				CLANG_WARN_NON_LITERAL_NULL_CONVERSION = YES;
				CLANG_WARN_OBJC_IMPLICIT_RETAIN_SELF = YES;
				CLANG_WARN_OBJC_LITERAL_CONVERSION = YES;
				CLANG_WARN_OBJC_ROOT_CLASS = YES_ERROR;
				CLANG_WARN_QUOTED_INCLUDE_IN_FRAMEWORK_HEADER = YES;
				CLANG_WARN_RANGE_LOOP_ANALYSIS = YES;
				CLANG_WARN_STRICT_PROTOTYPES = YES;
				CLANG_WARN_SUSPICIOUS_MOVE = YES;
				CLANG_WARN_UNGUARDED_AVAILABILITY = YES_AGGRESSIVE;
				CLANG_WARN_UNREACHABLE_CODE = YES;
				CLANG_WARN__DUPLICATE_METHOD_MATCH = YES;
				COPY_PHASE_STRIP = NO;
				DEBUG_INFORMATION_FORMAT = "dwarf-with-dsym";
				ENABLE_NS_ASSERTIONS = NO;
				ENABLE_STRICT_OBJC_MSGSEND = YES;
				GCC_C_LANGUAGE_STANDARD = gnu11;
				GCC_NO_COMMON_BLOCKS = YES;
				GCC_WARN_64_TO_32_BIT_CONVERSION = YES;
				GCC_WARN_ABOUT_RETURN_TYPE = YES_ERROR;
				GCC_WARN_UNDECLARED_SELECTOR = YES;
				GCC_WARN_UNINITIALIZED_AUTOS = YES_AGGRESSIVE;
				GCC_WARN_UNUSED_FUNCTION = YES;
				GCC_WARN_UNUSED_VARIABLE = YES;
				MTL_ENABLE_DEBUG_INFO = NO;
				MTL_FAST_MATH = YES;
				SWIFT_COMPILATION_MODE = wholemodule;
				SWIFT_OPTIMIZATION_LEVEL = "-O";
			};
			name = Release;
		};
		A902BD132AAF376B006DCA63 /* Debug */ = {
			isa = XCBuildConfiguration;
			buildSettings = {
				ASSETCATALOG_COMPILER_APPICON_NAME = AppIcon;
				ASSETCATALOG_COMPILER_GLOBAL_ACCENT_COLOR_NAME = AccentColor;
				CODE_SIGN_ENTITLEMENTS = Highpitch/App/Highpitch.entitlements;
				CODE_SIGN_IDENTITY = "Apple Development";
				"CODE_SIGN_IDENTITY[sdk=iphoneos*]" = "iPhone Developer";
				"CODE_SIGN_IDENTITY[sdk=macosx*]" = "Mac Developer";
				CODE_SIGN_STYLE = Manual;
				CURRENT_PROJECT_VERSION = 1;
				DEVELOPMENT_ASSET_PATHS = "\"Highpitch/App/Preview Content\"";
				DEVELOPMENT_TEAM = "";
				"DEVELOPMENT_TEAM[sdk=iphoneos*]" = V7Y39HNV38;
				"DEVELOPMENT_TEAM[sdk=macosx*]" = V7Y39HNV38;
				ENABLE_HARDENED_RUNTIME = YES;
				ENABLE_PREVIEWS = YES;
				GENERATE_INFOPLIST_FILE = YES;
				"INFOPLIST_KEY_UIApplicationSceneManifest_Generation[sdk=iphoneos*]" = YES;
				"INFOPLIST_KEY_UIApplicationSceneManifest_Generation[sdk=iphonesimulator*]" = YES;
				"INFOPLIST_KEY_UIApplicationSupportsIndirectInputEvents[sdk=iphoneos*]" = YES;
				"INFOPLIST_KEY_UIApplicationSupportsIndirectInputEvents[sdk=iphonesimulator*]" = YES;
				"INFOPLIST_KEY_UILaunchScreen_Generation[sdk=iphoneos*]" = YES;
				"INFOPLIST_KEY_UILaunchScreen_Generation[sdk=iphonesimulator*]" = YES;
				"INFOPLIST_KEY_UIStatusBarStyle[sdk=iphoneos*]" = UIStatusBarStyleDefault;
				"INFOPLIST_KEY_UIStatusBarStyle[sdk=iphonesimulator*]" = UIStatusBarStyleDefault;
				INFOPLIST_KEY_UISupportedInterfaceOrientations_iPad = "UIInterfaceOrientationPortrait UIInterfaceOrientationPortraitUpsideDown UIInterfaceOrientationLandscapeLeft UIInterfaceOrientationLandscapeRight";
				INFOPLIST_KEY_UISupportedInterfaceOrientations_iPhone = "UIInterfaceOrientationPortrait UIInterfaceOrientationLandscapeLeft UIInterfaceOrientationLandscapeRight";
				IPHONEOS_DEPLOYMENT_TARGET = 16.4;
				LD_RUNPATH_SEARCH_PATHS = "@executable_path/Frameworks";
				"LD_RUNPATH_SEARCH_PATHS[sdk=macosx*]" = "@executable_path/../Frameworks";
				MACOSX_DEPLOYMENT_TARGET = 13.3;
				MARKETING_VERSION = 1.0;
				PRODUCT_BUNDLE_IDENTIFIER = windup.highpitch;
				PRODUCT_NAME = "$(TARGET_NAME)";
				PROVISIONING_PROFILE_SPECIFIER = "";
				"PROVISIONING_PROFILE_SPECIFIER[sdk=iphoneos*]" = "highpitch debug";
				"PROVISIONING_PROFILE_SPECIFIER[sdk=macosx*]" = "highpitch mac test";
				SDKROOT = auto;
				SUPPORTED_PLATFORMS = "iphoneos iphonesimulator macosx";
				SWIFT_EMIT_LOC_STRINGS = YES;
				SWIFT_VERSION = 5.0;
				TARGETED_DEVICE_FAMILY = "1,2";
			};
			name = Debug;
		};
		A902BD142AAF376B006DCA63 /* Release */ = {
			isa = XCBuildConfiguration;
			buildSettings = {
				ASSETCATALOG_COMPILER_APPICON_NAME = AppIcon;
				ASSETCATALOG_COMPILER_GLOBAL_ACCENT_COLOR_NAME = AccentColor;
				CODE_SIGN_ENTITLEMENTS = Highpitch/App/Highpitch.entitlements;
				CODE_SIGN_IDENTITY = "Apple Development";
				"CODE_SIGN_IDENTITY[sdk=iphoneos*]" = "iPhone Developer";
				"CODE_SIGN_IDENTITY[sdk=macosx*]" = "Mac Developer";
				CODE_SIGN_STYLE = Manual;
				CURRENT_PROJECT_VERSION = 1;
				DEVELOPMENT_ASSET_PATHS = "\"Highpitch/App/Preview Content\"";
				DEVELOPMENT_TEAM = "";
				"DEVELOPMENT_TEAM[sdk=iphoneos*]" = V7Y39HNV38;
				"DEVELOPMENT_TEAM[sdk=macosx*]" = V7Y39HNV38;
				ENABLE_HARDENED_RUNTIME = YES;
				ENABLE_PREVIEWS = YES;
				GENERATE_INFOPLIST_FILE = YES;
				"INFOPLIST_KEY_UIApplicationSceneManifest_Generation[sdk=iphoneos*]" = YES;
				"INFOPLIST_KEY_UIApplicationSceneManifest_Generation[sdk=iphonesimulator*]" = YES;
				"INFOPLIST_KEY_UIApplicationSupportsIndirectInputEvents[sdk=iphoneos*]" = YES;
				"INFOPLIST_KEY_UIApplicationSupportsIndirectInputEvents[sdk=iphonesimulator*]" = YES;
				"INFOPLIST_KEY_UILaunchScreen_Generation[sdk=iphoneos*]" = YES;
				"INFOPLIST_KEY_UILaunchScreen_Generation[sdk=iphonesimulator*]" = YES;
				"INFOPLIST_KEY_UIStatusBarStyle[sdk=iphoneos*]" = UIStatusBarStyleDefault;
				"INFOPLIST_KEY_UIStatusBarStyle[sdk=iphonesimulator*]" = UIStatusBarStyleDefault;
				INFOPLIST_KEY_UISupportedInterfaceOrientations_iPad = "UIInterfaceOrientationPortrait UIInterfaceOrientationPortraitUpsideDown UIInterfaceOrientationLandscapeLeft UIInterfaceOrientationLandscapeRight";
				INFOPLIST_KEY_UISupportedInterfaceOrientations_iPhone = "UIInterfaceOrientationPortrait UIInterfaceOrientationLandscapeLeft UIInterfaceOrientationLandscapeRight";
				IPHONEOS_DEPLOYMENT_TARGET = 16.4;
				LD_RUNPATH_SEARCH_PATHS = "@executable_path/Frameworks";
				"LD_RUNPATH_SEARCH_PATHS[sdk=macosx*]" = "@executable_path/../Frameworks";
				MACOSX_DEPLOYMENT_TARGET = 13.3;
				MARKETING_VERSION = 1.0;
				PRODUCT_BUNDLE_IDENTIFIER = windup.highpitch;
				PRODUCT_NAME = "$(TARGET_NAME)";
				PROVISIONING_PROFILE_SPECIFIER = "";
				"PROVISIONING_PROFILE_SPECIFIER[sdk=iphoneos*]" = "highpitch debug";
				"PROVISIONING_PROFILE_SPECIFIER[sdk=macosx*]" = "highpitch mac test";
				SDKROOT = auto;
				SUPPORTED_PLATFORMS = "iphoneos iphonesimulator macosx";
				SWIFT_EMIT_LOC_STRINGS = YES;
				SWIFT_VERSION = 5.0;
				TARGETED_DEVICE_FAMILY = "1,2";
			};
			name = Release;
		};
		A902BD162AAF376B006DCA63 /* Debug */ = {
			isa = XCBuildConfiguration;
			buildSettings = {
				ALWAYS_EMBED_SWIFT_STANDARD_LIBRARIES = YES;
				BUNDLE_LOADER = "$(TEST_HOST)";
				CODE_SIGN_STYLE = Automatic;
				CURRENT_PROJECT_VERSION = 1;
				DEVELOPMENT_TEAM = V7Y39HNV38;
				GENERATE_INFOPLIST_FILE = YES;
				IPHONEOS_DEPLOYMENT_TARGET = 16.4;
				MACOSX_DEPLOYMENT_TARGET = 13.3;
				MARKETING_VERSION = 1.0;
				PRODUCT_BUNDLE_IDENTIFIER = yuncoffee.highpitchTests;
				PRODUCT_NAME = "$(TARGET_NAME)";
				SDKROOT = auto;
				SUPPORTED_PLATFORMS = "iphoneos iphonesimulator macosx";
				SWIFT_EMIT_LOC_STRINGS = NO;
				SWIFT_VERSION = 5.0;
				TARGETED_DEVICE_FAMILY = "1,2";
				TEST_HOST = "$(BUILT_PRODUCTS_DIR)/Highpitch.app/$(BUNDLE_EXECUTABLE_FOLDER_PATH)/Highpitch";
			};
			name = Debug;
		};
		A902BD172AAF376B006DCA63 /* Release */ = {
			isa = XCBuildConfiguration;
			buildSettings = {
				ALWAYS_EMBED_SWIFT_STANDARD_LIBRARIES = YES;
				BUNDLE_LOADER = "$(TEST_HOST)";
				CODE_SIGN_STYLE = Automatic;
				CURRENT_PROJECT_VERSION = 1;
				DEVELOPMENT_TEAM = V7Y39HNV38;
				GENERATE_INFOPLIST_FILE = YES;
				IPHONEOS_DEPLOYMENT_TARGET = 16.4;
				MACOSX_DEPLOYMENT_TARGET = 13.3;
				MARKETING_VERSION = 1.0;
				PRODUCT_BUNDLE_IDENTIFIER = yuncoffee.highpitchTests;
				PRODUCT_NAME = "$(TARGET_NAME)";
				SDKROOT = auto;
				SUPPORTED_PLATFORMS = "iphoneos iphonesimulator macosx";
				SWIFT_EMIT_LOC_STRINGS = NO;
				SWIFT_VERSION = 5.0;
				TARGETED_DEVICE_FAMILY = "1,2";
				TEST_HOST = "$(BUILT_PRODUCTS_DIR)/Highpitch.app/$(BUNDLE_EXECUTABLE_FOLDER_PATH)/Highpitch";
			};
			name = Release;
		};
		A902BD192AAF376B006DCA63 /* Debug */ = {
			isa = XCBuildConfiguration;
			buildSettings = {
				ALWAYS_EMBED_SWIFT_STANDARD_LIBRARIES = YES;
				CODE_SIGN_STYLE = Automatic;
				CURRENT_PROJECT_VERSION = 1;
				DEVELOPMENT_TEAM = V7Y39HNV38;
				GENERATE_INFOPLIST_FILE = YES;
				IPHONEOS_DEPLOYMENT_TARGET = 16.4;
				MACOSX_DEPLOYMENT_TARGET = 13.3;
				MARKETING_VERSION = 1.0;
				PRODUCT_BUNDLE_IDENTIFIER = yuncoffee.highpitchUITests;
				PRODUCT_NAME = "$(TARGET_NAME)";
				SDKROOT = auto;
				SUPPORTED_PLATFORMS = "iphoneos iphonesimulator macosx";
				SWIFT_EMIT_LOC_STRINGS = NO;
				SWIFT_VERSION = 5.0;
				TARGETED_DEVICE_FAMILY = "1,2";
				TEST_TARGET_NAME = highpitch;
			};
			name = Debug;
		};
		A902BD1A2AAF376B006DCA63 /* Release */ = {
			isa = XCBuildConfiguration;
			buildSettings = {
				ALWAYS_EMBED_SWIFT_STANDARD_LIBRARIES = YES;
				CODE_SIGN_STYLE = Automatic;
				CURRENT_PROJECT_VERSION = 1;
				DEVELOPMENT_TEAM = V7Y39HNV38;
				GENERATE_INFOPLIST_FILE = YES;
				IPHONEOS_DEPLOYMENT_TARGET = 16.4;
				MACOSX_DEPLOYMENT_TARGET = 13.3;
				MARKETING_VERSION = 1.0;
				PRODUCT_BUNDLE_IDENTIFIER = yuncoffee.highpitchUITests;
				PRODUCT_NAME = "$(TARGET_NAME)";
				SDKROOT = auto;
				SUPPORTED_PLATFORMS = "iphoneos iphonesimulator macosx";
				SWIFT_EMIT_LOC_STRINGS = NO;
				SWIFT_VERSION = 5.0;
				TARGETED_DEVICE_FAMILY = "1,2";
				TEST_TARGET_NAME = highpitch;
			};
			name = Release;
		};
/* End XCBuildConfiguration section */

/* Begin XCConfigurationList section */
		A902BCE82AAF3769006DCA63 /* Build configuration list for PBXProject "Highpitch" */ = {
			isa = XCConfigurationList;
			buildConfigurations = (
				A902BD102AAF376B006DCA63 /* Debug */,
				A902BD112AAF376B006DCA63 /* Release */,
			);
			defaultConfigurationIsVisible = 0;
			defaultConfigurationName = Release;
		};
		A902BD122AAF376B006DCA63 /* Build configuration list for PBXNativeTarget "Highpitch" */ = {
			isa = XCConfigurationList;
			buildConfigurations = (
				A902BD132AAF376B006DCA63 /* Debug */,
				A902BD142AAF376B006DCA63 /* Release */,
			);
			defaultConfigurationIsVisible = 0;
			defaultConfigurationName = Release;
		};
		A902BD152AAF376B006DCA63 /* Build configuration list for PBXNativeTarget "HighpitchTests" */ = {
			isa = XCConfigurationList;
			buildConfigurations = (
				A902BD162AAF376B006DCA63 /* Debug */,
				A902BD172AAF376B006DCA63 /* Release */,
			);
			defaultConfigurationIsVisible = 0;
			defaultConfigurationName = Release;
		};
		A902BD182AAF376B006DCA63 /* Build configuration list for PBXNativeTarget "HighpitchUITests" */ = {
			isa = XCConfigurationList;
			buildConfigurations = (
				A902BD192AAF376B006DCA63 /* Debug */,
				A902BD1A2AAF376B006DCA63 /* Release */,
			);
			defaultConfigurationIsVisible = 0;
			defaultConfigurationName = Release;
		};
/* End XCConfigurationList section */
	};
	rootObject = A902BCE52AAF3769006DCA63 /* Project object */;
}
